<?xml version="1.0" encoding="utf-8"?>
<Project ToolsVersion="4.0" xmlns="http://schemas.microsoft.com/developer/msbuild/2003">
  <ItemGroup>
    <Filter Include="Source Files">
      <Extensions>cpp;c;cc;cxx;def;odl;idl;hpj;bat;asm;asmx</Extensions>
    </Filter>
    <Filter Include="Header Files">
      <Extensions>h;hpp;hxx;hm;inl;inc;xsd</Extensions>
    </Filter>
    <Filter Include="Resource Files">
      <Extensions>rc;ico;cur;bmp;dlg;rc2;rct;bin;rgs;gif;jpg;jpeg;jpe;resx;tiff;tif;png;wav;mfcribbon-ms</Extensions>
    </Filter>
    <Filter Include="comp">
    </Filter>
  </ItemGroup>
  <ItemGroup>
    <ClCompile Include="..\..\el\comp\stdafx.cpp">
      <Filter>comp</Filter>
    </ClCompile>
    <ClCompile Include="dblite.cpp">
      <Filter>Source Files</Filter>
    </ClCompile>
    <ClCompile Include="pager.cpp">
      <Filter>Source Files</Filter>
    </ClCompile>
    <ClCompile Include="b-tree.cpp">
      <Filter>Source Files</Filter>
    </ClCompile>
    <ClCompile Include="filet.cpp">
      <Filter>Source Files</Filter>
    </ClCompile>
    <ClCompile Include="hash-table.cpp">
      <Filter>Source Files</Filter>
    </ClCompile>
    <ClCompile Include="cursor.cpp">
      <Filter>Source Files</Filter>
    </ClCompile>
    <ClCompile Include="pager-buffer.cpp">
      <Filter>Source Files</Filter>
    </ClCompile>
    <ClCompile Include="pager-mmap.cpp">
      <Filter>Source Files</Filter>
    </ClCompile>
    <ClCompile Include="..\..\el\win\policy.cpp">
      <Filter>comp</Filter>
    </ClCompile>
    <ClCompile Include="..\..\el\win\secdesc.cpp">
      <Filter>comp</Filter>
    </ClCompile>
  </ItemGroup>
  <ItemGroup>
    <ClInclude Include="dblite.h">
      <Filter>Header Files</Filter>
    </ClInclude>
    <ClInclude Include="resource.h">
      <Filter>Header Files</Filter>
    </ClInclude>
    <ClInclude Include="file_config.h">
      <Filter>Header Files</Filter>
    </ClInclude>
    <ClInclude Include="b-tree.h">
      <Filter>Header Files</Filter>
    </ClInclude>
    <ClInclude Include="dblite-file-format.h">
      <Filter>Header Files</Filter>
    </ClInclude>
    <ClInclude Include="filet.h">
      <Filter>Header Files</Filter>
    </ClInclude>
    <ClInclude Include="hash-table.h">
      <Filter>Header Files</Filter>
    </ClInclude>
  </ItemGroup>
  <ItemGroup>
    <ResourceCompile Include="dblite.rc">
      <Filter>Resource Files</Filter>
    </ResourceCompile>
  </ItemGroup>
  <ItemGroup>
    <None Include="dblite.def">
      <Filter>Resource Files</Filter>
    </None>
    <None Include="dblite-64.def">
      <Filter>Resource Files</Filter>
    </None>
  </ItemGroup>
</Project>