<?xml version="1.0" encoding="utf-8"?>
<Project ToolsVersion="4.0" xmlns="http://schemas.microsoft.com/developer/msbuild/2003">
  <ItemGroup>
    <ClCompile Include="..\..\el\comp\stdafx.cpp">
      <Filter>Comp</Filter>
    </ClCompile>
    <ClCompile Include="coind.cpp">
      <Filter>Source Files</Filter>
    </ClCompile>
  </ItemGroup>
  <ItemGroup>
    <Filter Include="Comp">
      <UniqueIdentifier>{0950f436-d0c7-465f-91e2-e7ba1477fb20}</UniqueIdentifier>
    </Filter>
    <Filter Include="Header Files">
      <UniqueIdentifier>{dc4262b1-68a0-4386-a410-1d9bb0d4de9f}</UniqueIdentifier>
    </Filter>
    <Filter Include="Source Files">
      <UniqueIdentifier>{78233c89-7be5-41f0-8697-9aa1a5caa411}</UniqueIdentifier>
    </Filter>
    <Filter Include="Resource Files">
      <UniqueIdentifier>{35c8ad96-85fe-45ed-80c5-d3604b25b0ee}</UniqueIdentifier>
    </Filter>
  </ItemGroup>
  <ItemGroup>
    <ClInclude Include="name-server.h">
      <Filter>Header Files</Filter>
    </ClInclude>
    <ClInclude Include="file_config.h">
      <Filter>Header Files</Filter>
    </ClInclude>
  </ItemGroup>
  <ItemGroup>
    <ResourceCompile Include="coind.rc">
      <Filter>Resource Files</Filter>
    </ResourceCompile>
  </ItemGroup>
</Project>