<?xml version="1.0" encoding="utf-8"?>
<Project ToolsVersion="4.0" xmlns="http://schemas.microsoft.com/developer/msbuild/2003">
  <ItemGroup>
    <Filter Include="Source Files">
      <UniqueIdentifier>{4FC737F1-C7A5-4376-A066-2A32D752A2FF}</UniqueIdentifier>
      <Extensions>cpp;c;cc;cxx;def;odl;idl;hpj;bat;asm;asmx</Extensions>
    </Filter>
    <Filter Include="Header Files">
      <UniqueIdentifier>{93995380-89BD-4b04-88EB-625FBE52EBFB}</UniqueIdentifier>
      <Extensions>h;hpp;hxx;hm;inl;inc;xsd</Extensions>
    </Filter>
    <Filter Include="Resource Files">
      <UniqueIdentifier>{67DA6AB6-F800-4c08-8B7A-83BB121AAD01}</UniqueIdentifier>
      <Extensions>rc;ico;cur;bmp;dlg;rc2;rct;bin;rgs;gif;jpg;jpeg;jpe;resx;tiff;tif;png;wav;mfcribbon-ms</Extensions>
    </Filter>
    <Filter Include="libext">
      <UniqueIdentifier>{a9b8587a-ef2a-48e2-9a4a-7c3ffc95c00e}</UniqueIdentifier>
    </Filter>
    <Filter Include="Comp">
      <UniqueIdentifier>{2e66b928-2ce4-4bf9-98f8-f0ee22faeda8}</UniqueIdentifier>
    </Filter>
    <Filter Include="Source Files\asm">
      <UniqueIdentifier>{b1e7bc94-bf46-483f-8448-a6fab85fb833}</UniqueIdentifier>
    </Filter>
    <Filter Include="libext\win32">
      <UniqueIdentifier>{4968bc47-18b2-42c0-86be-6c081f477590}</UniqueIdentifier>
    </Filter>
    <Filter Include="Comp\crypto">
      <UniqueIdentifier>{20a51ac8-165e-43c3-815c-729e8be06956}</UniqueIdentifier>
    </Filter>
    <Filter Include="libext\H">
      <UniqueIdentifier>{450f8df8-a4be-4f07-845c-3a6abdbf2ef9}</UniqueIdentifier>
    </Filter>
    <Filter Include="libext\stl">
      <UniqueIdentifier>{fb767ad0-e1e4-4c61-b713-6e134ef39de9}</UniqueIdentifier>
    </Filter>
    <Filter Include="GPU support">
      <UniqueIdentifier>{a2103f0a-9ee8-471c-ad46-2350b782a0f2}</UniqueIdentifier>
    </Filter>
    <Filter Include="jansson">
      <UniqueIdentifier>{92178dfe-442f-45fa-acc7-1df2d912b31c}</UniqueIdentifier>
    </Filter>
    <Filter Include="GPU support\Included">
      <UniqueIdentifier>{785d3bf5-7a6b-4ca8-9e55-684e3c531106}</UniqueIdentifier>
    </Filter>
    <Filter Include="Comp\num">
      <UniqueIdentifier>{8fe4f569-2b90-4775-aa1c-db61e7dde8d8}</UniqueIdentifier>
    </Filter>
  </ItemGroup>
  <ItemGroup>
    <ClCompile Include="el\libext\threader.cpp">
      <Filter>libext</Filter>
    </ClCompile>
    <ClCompile Include="el\comp\stdafx.cpp">
      <Filter>Comp</Filter>
    </ClCompile>
    <ClCompile Include="el\inet\json-rpc.cpp">
      <Filter>Comp</Filter>
    </ClCompile>
    <ClCompile Include="el\inet\async-text-client.cpp">
      <Filter>Comp</Filter>
    </ClCompile>
    <ClCompile Include="el\libext\ext-ip-address.cpp">
      <Filter>libext</Filter>
    </ClCompile>
    <ClCompile Include="el\libext\ext-blob.cpp">
      <Filter>libext</Filter>
    </ClCompile>
    <ClCompile Include="el\libext\ext-encoding.cpp">
      <Filter>libext</Filter>
    </ClCompile>
    <ClCompile Include="el\libext\http.cpp">
      <Filter>libext</Filter>
    </ClCompile>
    <ClCompile Include="el\libext\stack-trace.cpp">
      <Filter>libext</Filter>
    </ClCompile>
    <ClCompile Include="coin\miner\bitcoin-miner.cpp">
      <Filter>Source Files</Filter>
    </ClCompile>
    <ClCompile Include="el\libext\ext-app.cpp">
      <Filter>libext</Filter>
    </ClCompile>
    <ClCompile Include="el\libext\ext-base.cpp">
      <Filter>libext</Filter>
    </ClCompile>
    <ClCompile Include="el\libext\ext-core.cpp">
      <Filter>libext</Filter>
    </ClCompile>
    <ClCompile Include="el\libext\ext-file.cpp">
      <Filter>libext</Filter>
    </ClCompile>
    <ClCompile Include="el\libext\ext-fw.cpp">
      <Filter>libext</Filter>
    </ClCompile>
    <ClCompile Include="el\libext\ext-handlers.cpp">
      <Filter>libext</Filter>
    </ClCompile>
    <ClCompile Include="el\libext\ext-os.cpp">
      <Filter>libext</Filter>
    </ClCompile>
    <ClCompile Include="el\libext\ext-stream.cpp">
      <Filter>libext</Filter>
    </ClCompile>
    <ClCompile Include="el\libext\ext-string.cpp">
      <Filter>libext</Filter>
    </ClCompile>
    <ClCompile Include="el\libext\varvalue.cpp">
      <Filter>libext</Filter>
    </ClCompile>
    <ClCompile Include="el\libext\ext-text.cpp">
      <Filter>libext</Filter>
    </ClCompile>
    <ClCompile Include="el\libext\datetime.cpp">
      <Filter>libext</Filter>
    </ClCompile>
    <ClCompile Include="el\libext\internet.cpp">
      <Filter>libext</Filter>
    </ClCompile>
    <ClCompile Include="coin\miner\bitcoin-sha256.cpp">
      <Filter>Source Files</Filter>
    </ClCompile>
    <ClCompile Include="coin\miner\miner.cpp">
      <Filter>Source Files</Filter>
    </ClCompile>
    <ClCompile Include="coin\miner\dynclock.cpp">
      <Filter>Source Files</Filter>
    </ClCompile>
    <ClCompile Include="coin\miner\stratum-client.cpp">
      <Filter>Source Files</Filter>
    </ClCompile>
    <ClCompile Include="el\libext\ext-net.cpp">
      <Filter>libext</Filter>
    </ClCompile>
    <ClCompile Include="el\libext\binary-reader-writer.cpp">
      <Filter>libext</Filter>
    </ClCompile>
    <ClCompile Include="coin\miner\bitcoin-sha256-x86x64.cpp">
      <Filter>Source Files</Filter>
    </ClCompile>
    <ClCompile Include="coin\miner\serial-device.cpp">
      <Filter>Source Files</Filter>
    </ClCompile>
    <ClCompile Include="coin\miner\miner-fpga-modminer.cpp">
      <Filter>Source Files</Filter>
    </ClCompile>
    <ClCompile Include="coin\miner\miner-bitforce.cpp">
      <Filter>Source Files</Filter>
    </ClCompile>
    <ClCompile Include="coin\util\util.cpp">
      <Filter>Source Files</Filter>
    </ClCompile>
    <ClCompile Include="el\crypto\sha256.cpp">
      <Filter>Comp\crypto</Filter>
    </ClCompile>
    <ClCompile Include="el\crypto\salsa20.cpp">
      <Filter>Comp\crypto</Filter>
    </ClCompile>
    <ClCompile Include="el\crypto\scrypt.cpp">
      <Filter>Comp\crypto</Filter>
    </ClCompile>
    <ClCompile Include="el\libext\win32\getopt.cpp">
      <Filter>libext\win32</Filter>
    </ClCompile>
    <ClCompile Include="el\libext\win32\ext2.cpp">
      <Filter>libext\win32</Filter>
    </ClCompile>
    <ClCompile Include="el\libext\win32\ext-win.cpp">
      <Filter>libext\win32</Filter>
    </ClCompile>
    <ClCompile Include="el\libext\win32\ext-win-nt.cpp">
      <Filter>libext\win32</Filter>
    </ClCompile>
    <ClCompile Include="el\libext\win32\ext-registry.cpp">
      <Filter>libext\win32</Filter>
    </ClCompile>
    <ClCompile Include="el\libext\win32\ext-com.cpp">
      <Filter>libext\win32</Filter>
    </ClCompile>
    <ClCompile Include="el\elwin\static-main.cpp">
      <Filter>libext</Filter>
    </ClCompile>
    <ClCompile Include="el\stl\thread.cpp">
      <Filter>libext\stl</Filter>
    </ClCompile>
    <ClCompile Include="el\win\setupdi.cpp">
      <Filter>libext\win32</Filter>
    </ClCompile>
    <ClCompile Include="coin\miner\bitcoin-gpu.cpp">
      <Filter>GPU support</Filter>
    </ClCompile>
    <ClCompile Include="coin\miner\miner-opencl.cpp">
      <Filter>GPU support</Filter>
    </ClCompile>
    <ClCompile Include="el\comp\ext-opencl.cpp">
      <Filter>GPU support</Filter>
    </ClCompile>
    <ClCompile Include="el\comp\gpu-adl.cpp">
      <Filter>GPU support</Filter>
    </ClCompile>
    <ClCompile Include="el\libext\ext-json.cpp">
      <Filter>libext</Filter>
    </ClCompile>
    <ClCompile Include="el\libext\sockets.cpp">
      <Filter>libext</Filter>
    </ClCompile>
    <ClCompile Include="el\stl\mutex.cpp">
      <Filter>libext\stl</Filter>
    </ClCompile>
    <ClCompile Include="foreign\jansson\dump.c">
      <Filter>jansson</Filter>
    </ClCompile>
    <ClCompile Include="foreign\jansson\error.c">
      <Filter>jansson</Filter>
    </ClCompile>
    <ClCompile Include="foreign\jansson\hashtable.c">
      <Filter>jansson</Filter>
    </ClCompile>
    <ClCompile Include="foreign\jansson\load.c">
      <Filter>jansson</Filter>
    </ClCompile>
    <ClCompile Include="foreign\jansson\memory.c">
      <Filter>jansson</Filter>
    </ClCompile>
    <ClCompile Include="foreign\jansson\strbuffer.c">
      <Filter>jansson</Filter>
    </ClCompile>
    <ClCompile Include="foreign\jansson\strconv.c">
      <Filter>jansson</Filter>
    </ClCompile>
    <ClCompile Include="foreign\jansson\utf.c">
      <Filter>jansson</Filter>
    </ClCompile>
    <ClCompile Include="foreign\jansson\value.c">
      <Filter>jansson</Filter>
    </ClCompile>
    <ClCompile Include="el\libext\win32\com-module.cpp">
      <Filter>libext\win32</Filter>
    </ClCompile>
    <ClCompile Include="el\libext\win32\excom.cpp">
      <Filter>libext\win32</Filter>
    </ClCompile>
    <ClCompile Include="el\libext\murmurhash.cpp">
      <Filter>libext</Filter>
    </ClCompile>
    <ClCompile Include="el\elwin\dllmodul.cpp">
      <Filter>libext</Filter>
    </ClCompile>
    <ClCompile Include="coin\miner\miner-cal.cpp">
      <Filter>GPU support\Included</Filter>
    </ClCompile>
    <ClCompile Include="el\comp\gpu-cal.cpp">
      <Filter>GPU support\Included</Filter>
    </ClCompile>
    <ClCompile Include="coin\miner\miner-prime.cpp">
      <Filter>Source Files</Filter>
    </ClCompile>
    <ClCompile Include="el\libext\bignum.cpp">
      <Filter>libext</Filter>
    </ClCompile>
    <ClCompile Include="el\stl\dynamic_bitset.cpp">
      <Filter>libext\stl</Filter>
    </ClCompile>
    <ClCompile Include="coin\util\prime-util.cpp">
      <Filter>Source Files</Filter>
    </ClCompile>
    <ClCompile Include="coin\miner\xpt.cpp">
      <Filter>Source Files</Filter>
    </ClCompile>
    <ClCompile Include="el\num\mod.cpp">
      <Filter>Comp\num</Filter>
    </ClCompile>
    <ClCompile Include="el\num\num.cpp">
      <Filter>Comp\num</Filter>
    </ClCompile>
    <ClCompile Include="el\num\prime.cpp">
      <Filter>Comp\num</Filter>
    </ClCompile>
  </ItemGroup>
  <ItemGroup>
    <ClInclude Include="..\inc\file_config.h">
      <Filter>Header Files</Filter>
    </ClInclude>
    <ClInclude Include="..\inc\manufacturer.h">
      <Filter>Header Files</Filter>
    </ClInclude>
    <ClInclude Include="resource.h">
      <Filter>Header Files</Filter>
    </ClInclude>
    <ClInclude Include="bitcoin-sha256.h">
      <Filter>Header Files</Filter>
    </ClInclude>
    <ClInclude Include="el\crypto\hash.h">
      <Filter>Comp\crypto</Filter>
    </ClInclude>
    <ClInclude Include="el\crypto\salsa20.h">
      <Filter>Comp\crypto</Filter>
    </ClInclude>
    <ClInclude Include="el\libext.h">
      <Filter>libext\H</Filter>
    </ClInclude>
    <ClInclude Include="coin\inc\miner-interface.h">
      <Filter>Header Files</Filter>
    </ClInclude>
    <ClInclude Include="coin\util\prime-util.h">
      <Filter>Header Files</Filter>
    </ClInclude>
    <ClInclude Include="coin\miner\xpt.h">
      <Filter>Header Files</Filter>
    </ClInclude>
  </ItemGroup>
  <ItemGroup>
    <MASM Include="el\crypto\x86x64\scrypt_x86x64.asm">
      <Filter>Comp\crypto</Filter>
    </MASM>
    <MASM Include="coin\miner\bitcoin_sha256_x86x64.asm">
      <Filter>Source Files\asm</Filter>
    </MASM>
    <MASM Include="el\crypto\x86x64\sha256_x86x64.asm">
      <Filter>Comp\crypto</Filter>
    </MASM>
    <MASM Include="el\bignum\x86x64\bignum-x86x64.asm">
      <Filter>Source Files\asm</Filter>
    </MASM>
  </ItemGroup>
  <ItemGroup>
    <ResourceCompile Include="bitcoin-miner.rc">
      <Filter>Resource Files</Filter>
    </ResourceCompile>
  </ItemGroup>
  <ItemGroup>
    <None Include="obj\btc-evergreen.il" />
    <None Include="obj\btc.il" />
    <None Include="obj\phatk.ptx" />
    <None Include="phatk.cl" />
    <None Include="scrypt.cl" />
    <None Include="coin\miner\miner.def">
      <Filter>Resource Files</Filter>
    </None>
  </ItemGroup>
  <ItemGroup>
    <Msg_Compiler Include="coin\util\coin-msg.mc">
      <Filter>Resource Files</Filter>
    </Msg_Compiler>
  </ItemGroup>
</Project>