
Microsoft Visual Studio Solution File, Format Version 12.00
# Visual Studio 14
VisualStudioVersion = 14.0.22823.1
MinimumVisualStudioVersion = 10.0.40219.1
Project("{8BC9CEB8-8B4A-11D0-8D11-00A0C91BC942}") = "miner", "src\coin\miner\miner.vcxproj", "{172C68FB-4B34-4E24-CD7A-1D4561434F64}"
	ProjectSection(ProjectDependencies) = postProject
		{2E655587-19CA-432F-9805-69147DFD3BF4} = {2E655587-19CA-432F-9805-69147DFD3BF4}
		{36580DA5-0AFE-41F6-AFB3-AFEF30CE9247} = {36580DA5-0AFE-41F6-AFB3-AFEF30CE9247}
		{56580DA5-0AFE-41F6-AFB3-AFEF30CE9F47} = {56580DA5-0AFE-41F6-AFB3-AFEF30CE9F47}
	EndProjectSection
EndProject
Project("{8BC9CEB8-8B4A-11D0-8D11-00A0C91BC942}") = "coinutil", "src\coin\util\coinutil.vcxproj", "{2E655587-19CA-432F-9805-69147DFD3BF4}"
	ProjectSection(ProjectDependencies) = postProject
		{D57346A0-D0B6-4E23-9256-DB4034B5B0DB} = {D57346A0-D0B6-4E23-9256-DB4034B5B0DB}
	EndProjectSection
EndProject
Project("{8BC9CEB8-8B4A-11D0-8D11-00A0C91BC942}") = "coineng", "src\coin\eng\coineng.vcxproj", "{2E655587-09CA-431F-9805-69147DFD3BF4}"
	ProjectSection(ProjectDependencies) = postProject
		{9A6FD577-13D0-4BA1-A562-9FB18B900BC5} = {9A6FD577-13D0-4BA1-A562-9FB18B900BC5}
		{1E655587-E9CA-431F-9805-69147DFD3BF4} = {1E655587-E9CA-431F-9805-69147DFD3BF4}
		{2E655587-19CA-432F-9805-69147DFD3BF4} = {2E655587-19CA-432F-9805-69147DFD3BF4}
		{365801A5-0AFE-71F6-AFB3-AF5F3BCE9248} = {365801A5-0AFE-71F6-AFB3-AF5F3BCE9248}
		{36580DA5-0AFE-41F6-AFB3-AF5F3BCE9248} = {36580DA5-0AFE-41F6-AFB3-AF5F3BCE9248}
		{6F98C6EE-4D9E-4EC4-9710-FD145353CEDC} = {6F98C6EE-4D9E-4EC4-9710-FD145353CEDC}
	EndProjectSection
EndProject
Project("{8BC9CEB8-8B4A-11D0-8D11-00A0C91BC942}") = "libext", "src\el\libext\libext.vcxproj", "{D57346A0-D0B6-4E23-9256-DB4034B5B0DB}"
EndProject
Project("{8BC9CEB8-8B4A-11D0-8D11-00A0C91BC942}") = "mpir", "foreign\mpir\mpir.vcxproj", "{36580DA5-0AFE-41F6-AFB3-AFEF30CE9247}"
EndProject
Project("{8BC9CEB8-8B4A-11D0-8D11-00A0C91BC942}") = "cryp", "src\crypto\cryp\cryp.vcxproj", "{56580DA5-0AFE-41F6-AFB3-AFEF30CE9F47}"
	ProjectSection(ProjectDependencies) = postProject
		{D57346A0-D0B6-4E23-9256-DB4034B5B0DB} = {D57346A0-D0B6-4E23-9256-DB4034B5B0DB}
	EndProjectSection
EndProject
Project("{FAE04EC0-301F-11D3-BF4B-00C04F79EFBC}") = "groestlcoin-wpf", "src\coin\ui\groestlcoin-wpf.csproj", "{2AA40339-73FA-4440-9A35-2A458E9CBC0B}"
	ProjectSection(ProjectDependencies) = postProject
		{2E655587-09CA-431F-9805-69147DFD3BF4} = {2E655587-09CA-431F-9805-69147DFD3BF4}
	EndProjectSection
EndProject
Project("{8BC9CEB8-8B4A-11D0-8D11-00A0C91BC942}") = "tor", "foreign\tor\tor.vcxproj", "{9A6FD577-13D0-4BA1-A562-9FB18B900BC5}"
	ProjectSection(ProjectDependencies) = postProject
		{36580DA5-0AFE-41F6-AFB3-AF5F3BCE9248} = {36580DA5-0AFE-41F6-AFB3-AF5F3BCE9248}
		{B98ABFCE-24D4-4B70-94DE-EF7F1E0662F9} = {B98ABFCE-24D4-4B70-94DE-EF7F1E0662F9}
	EndProjectSection
EndProject
Project("{8BC9CEB8-8B4A-11D0-8D11-00A0C91BC942}") = "libevent", "foreign\libevent\libevent.vcxproj", "{B98ABFCE-24D4-4B70-94DE-EF7F1E0662F9}"
EndProject
Project("{8BC9CEB8-8B4A-11D0-8D11-00A0C91BC942}") = "openssl", "foreign\openssl\openssl.vcxproj", "{36580DA5-0AFE-41F6-AFB3-AF5F3BCE9248}"
EndProject
Project("{8BC9CEB8-8B4A-11D0-8D11-00A0C91BC942}") = "bdb", "foreign\bdb\bdb.vcxproj", "{6F98C6EE-4D9E-4EC4-9710-FD145353CEDC}"
EndProject
Project("{8BC9CEB8-8B4A-11D0-8D11-00A0C91BC942}") = "sqlite3", "foreign\sqlite\sqlite.vcxproj", "{365801A5-0AFE-71F6-AFB3-AF5F3BCE9248}"
EndProject
Project("{8BC9CEB8-8B4A-11D0-8D11-00A0C91BC942}") = "dblite", "src\db\dblite\dblite.vcxproj", "{1E655587-E9CA-431F-9805-69147DFD3BF4}"
EndProject
Global
	GlobalSection(SolutionConfigurationPlatforms) = preSolution
		D_St|x64 = D_St|x64
		D_St|x86 = D_St|x86
		R_St|x64 = R_St|x64
		R_St|x86 = R_St|x86
	EndGlobalSection
	GlobalSection(ProjectConfigurationPlatforms) = postSolution
		{172C68FB-4B34-4E24-CD7A-1D4561434F64}.D_St|x64.ActiveCfg = D_St|x64
		{172C68FB-4B34-4E24-CD7A-1D4561434F64}.D_St|x64.Build.0 = D_St|x64
		{172C68FB-4B34-4E24-CD7A-1D4561434F64}.D_St|x86.ActiveCfg = D_St|Win32
		{172C68FB-4B34-4E24-CD7A-1D4561434F64}.R_St|x64.ActiveCfg = R_St|x64
		{172C68FB-4B34-4E24-CD7A-1D4561434F64}.R_St|x64.Build.0 = R_St|x64
		{172C68FB-4B34-4E24-CD7A-1D4561434F64}.R_St|x86.ActiveCfg = R_St|Win32
		{172C68FB-4B34-4E24-CD7A-1D4561434F64}.R_St|x86.Build.0 = R_St|Win32
		{2E655587-19CA-432F-9805-69147DFD3BF4}.D_St|x64.ActiveCfg = D_St|x64
		{2E655587-19CA-432F-9805-69147DFD3BF4}.D_St|x64.Build.0 = D_St|x64
		{2E655587-19CA-432F-9805-69147DFD3BF4}.D_St|x86.ActiveCfg = D_St|Win32
		{2E655587-19CA-432F-9805-69147DFD3BF4}.R_St|x64.ActiveCfg = R_St|x64
		{2E655587-19CA-432F-9805-69147DFD3BF4}.R_St|x64.Build.0 = R_St|x64
		{2E655587-19CA-432F-9805-69147DFD3BF4}.R_St|x86.ActiveCfg = R_St|Win32
		{2E655587-19CA-432F-9805-69147DFD3BF4}.R_St|x86.Build.0 = R_St|Win32
		{2E655587-09CA-431F-9805-69147DFD3BF4}.D_St|x64.ActiveCfg = D_St|x64
		{2E655587-09CA-431F-9805-69147DFD3BF4}.D_St|x86.ActiveCfg = D_St|Win32
		{2E655587-09CA-431F-9805-69147DFD3BF4}.D_St|x86.Build.0 = D_St|Win32
		{2E655587-09CA-431F-9805-69147DFD3BF4}.R_St|x64.ActiveCfg = R_St|x64
		{2E655587-09CA-431F-9805-69147DFD3BF4}.R_St|x86.ActiveCfg = R_St|Win32
		{2E655587-09CA-431F-9805-69147DFD3BF4}.R_St|x86.Build.0 = R_St|Win32
		{D57346A0-D0B6-4E23-9256-DB4034B5B0DB}.D_St|x64.ActiveCfg = D_St|x64
		{D57346A0-D0B6-4E23-9256-DB4034B5B0DB}.D_St|x64.Build.0 = D_St|x64
		{D57346A0-D0B6-4E23-9256-DB4034B5B0DB}.D_St|x86.ActiveCfg = D_St|Win32
		{D57346A0-D0B6-4E23-9256-DB4034B5B0DB}.R_St|x64.ActiveCfg = R_St|x64
		{D57346A0-D0B6-4E23-9256-DB4034B5B0DB}.R_St|x64.Build.0 = R_St|x64
		{D57346A0-D0B6-4E23-9256-DB4034B5B0DB}.R_St|x86.ActiveCfg = R_St|Win32
		{D57346A0-D0B6-4E23-9256-DB4034B5B0DB}.R_St|x86.Build.0 = R_St|Win32
		{36580DA5-0AFE-41F6-AFB3-AFEF30CE9247}.D_St|x64.ActiveCfg = D_St|x64
		{36580DA5-0AFE-41F6-AFB3-AFEF30CE9247}.D_St|x64.Build.0 = D_St|x64
		{36580DA5-0AFE-41F6-AFB3-AFEF30CE9247}.D_St|x86.ActiveCfg = D_St|Win32
		{36580DA5-0AFE-41F6-AFB3-AFEF30CE9247}.R_St|x64.ActiveCfg = R_St|x64
		{36580DA5-0AFE-41F6-AFB3-AFEF30CE9247}.R_St|x86.ActiveCfg = R_St|Win32
		{36580DA5-0AFE-41F6-AFB3-AFEF30CE9247}.R_St|x86.Build.0 = R_St|Win32
		{56580DA5-0AFE-41F6-AFB3-AFEF30CE9F47}.D_St|x64.ActiveCfg = D_St|x64
		{56580DA5-0AFE-41F6-AFB3-AFEF30CE9F47}.D_St|x64.Build.0 = D_St|x64
		{56580DA5-0AFE-41F6-AFB3-AFEF30CE9F47}.D_St|x86.ActiveCfg = D_St|Win32
		{56580DA5-0AFE-41F6-AFB3-AFEF30CE9F47}.R_St|x64.ActiveCfg = R_St|x64
		{56580DA5-0AFE-41F6-AFB3-AFEF30CE9F47}.R_St|x64.Build.0 = R_St|x64
		{56580DA5-0AFE-41F6-AFB3-AFEF30CE9F47}.R_St|x86.ActiveCfg = R_St|Win32
		{56580DA5-0AFE-41F6-AFB3-AFEF30CE9F47}.R_St|x86.Build.0 = R_St|Win32
		{2AA40339-73FA-4440-9A35-2A458E9CBC0B}.D_St|x64.ActiveCfg = D_St|x64
		{2AA40339-73FA-4440-9A35-2A458E9CBC0B}.D_St|x64.Build.0 = D_St|x64
		{2AA40339-73FA-4440-9A35-2A458E9CBC0B}.D_St|x86.ActiveCfg = D_St|x86
		{2AA40339-73FA-4440-9A35-2A458E9CBC0B}.R_St|x64.ActiveCfg = R_St|x64
		{2AA40339-73FA-4440-9A35-2A458E9CBC0B}.R_St|x86.ActiveCfg = R_St|x86
		{2AA40339-73FA-4440-9A35-2A458E9CBC0B}.R_St|x86.Build.0 = R_St|x86
		{9A6FD577-13D0-4BA1-A562-9FB18B900BC5}.D_St|x64.ActiveCfg = D_St|x64
		{9A6FD577-13D0-4BA1-A562-9FB18B900BC5}.D_St|x86.ActiveCfg = D_St|Win32
		{9A6FD577-13D0-4BA1-A562-9FB18B900BC5}.R_St|x64.ActiveCfg = R_St|x64
		{9A6FD577-13D0-4BA1-A562-9FB18B900BC5}.R_St|x86.ActiveCfg = R_St|Win32
		{9A6FD577-13D0-4BA1-A562-9FB18B900BC5}.R_St|x86.Build.0 = R_St|Win32
		{B98ABFCE-24D4-4B70-94DE-EF7F1E0662F9}.D_St|x64.ActiveCfg = D_St|x64
		{B98ABFCE-24D4-4B70-94DE-EF7F1E0662F9}.D_St|x86.ActiveCfg = D_St|Win32
		{B98ABFCE-24D4-4B70-94DE-EF7F1E0662F9}.R_St|x64.ActiveCfg = R_St|x64
		{B98ABFCE-24D4-4B70-94DE-EF7F1E0662F9}.R_St|x86.ActiveCfg = R_St|Win32
		{B98ABFCE-24D4-4B70-94DE-EF7F1E0662F9}.R_St|x86.Build.0 = R_St|Win32
		{36580DA5-0AFE-41F6-AFB3-AF5F3BCE9248}.D_St|x64.ActiveCfg = D_St|x64
		{36580DA5-0AFE-41F6-AFB3-AF5F3BCE9248}.D_St|x86.ActiveCfg = D_St|Win32
		{36580DA5-0AFE-41F6-AFB3-AF5F3BCE9248}.R_St|x64.ActiveCfg = R_St|x64
		{36580DA5-0AFE-41F6-AFB3-AF5F3BCE9248}.R_St|x86.ActiveCfg = R_St|Win32
		{36580DA5-0AFE-41F6-AFB3-AF5F3BCE9248}.R_St|x86.Build.0 = R_St|Win32
		{6F98C6EE-4D9E-4EC4-9710-FD145353CEDC}.D_St|x64.ActiveCfg = D_St|x64
		{6F98C6EE-4D9E-4EC4-9710-FD145353CEDC}.D_St|x64.Build.0 = D_St|x64
		{6F98C6EE-4D9E-4EC4-9710-FD145353CEDC}.D_St|x86.ActiveCfg = D_St|Win32
		{6F98C6EE-4D9E-4EC4-9710-FD145353CEDC}.R_St|x64.ActiveCfg = R_St|x64
		{6F98C6EE-4D9E-4EC4-9710-FD145353CEDC}.R_St|x86.ActiveCfg = R_St|Win32
		{6F98C6EE-4D9E-4EC4-9710-FD145353CEDC}.R_St|x86.Build.0 = R_St|Win32
		{365801A5-0AFE-71F6-AFB3-AF5F3BCE9248}.D_St|x64.ActiveCfg = D_St|x64
		{365801A5-0AFE-71F6-AFB3-AF5F3BCE9248}.D_St|x64.Build.0 = D_St|x64
		{365801A5-0AFE-71F6-AFB3-AF5F3BCE9248}.D_St|x86.ActiveCfg = D_St|Win32
		{365801A5-0AFE-71F6-AFB3-AF5F3BCE9248}.R_St|x64.ActiveCfg = R_St|x64
		{365801A5-0AFE-71F6-AFB3-AF5F3BCE9248}.R_St|x86.ActiveCfg = R_St|Win32
		{365801A5-0AFE-71F6-AFB3-AF5F3BCE9248}.R_St|x86.Build.0 = R_St|Win32
		{1E655587-E9CA-431F-9805-69147DFD3BF4}.D_St|x64.ActiveCfg = D_St|x64
		{1E655587-E9CA-431F-9805-69147DFD3BF4}.D_St|x64.Build.0 = D_St|x64
		{1E655587-E9CA-431F-9805-69147DFD3BF4}.D_St|x86.ActiveCfg = D_St|Win32
		{1E655587-E9CA-431F-9805-69147DFD3BF4}.R_St|x64.ActiveCfg = R_St|x64
		{1E655587-E9CA-431F-9805-69147DFD3BF4}.R_St|x86.ActiveCfg = R_St|Win32
		{1E655587-E9CA-431F-9805-69147DFD3BF4}.R_St|x86.Build.0 = R_St|Win32
	EndGlobalSection
	GlobalSection(SolutionProperties) = preSolution
		HideSolutionNode = FALSE
	EndGlobalSection
EndGlobal
