<?xml version="1.0" encoding="utf-8"?>
<Project ToolsVersion="4.0" xmlns="http://schemas.microsoft.com/developer/msbuild/2003">
  <ItemGroup>
    <Filter Include="crypto">
      <UniqueIdentifier>{a7b5fa87-6da5-494b-9935-6c3824af24d5}</UniqueIdentifier>
    </Filter>
    <Filter Include="crypto\engine">
      <UniqueIdentifier>{2a49f327-f547-4818-9b29-2b04cb521874}</UniqueIdentifier>
    </Filter>
    <Filter Include="crypto\err">
      <UniqueIdentifier>{30f07db9-3275-4ba3-8d41-50769d202590}</UniqueIdentifier>
    </Filter>
    <Filter Include="crypto\stack">
      <UniqueIdentifier>{bec21aef-39f8-40cd-9ed1-43286b676ca5}</UniqueIdentifier>
    </Filter>
    <Filter Include="crypto\lhash">
      <UniqueIdentifier>{b84169b1-f0f3-4b8f-ae64-11b7808e8abb}</UniqueIdentifier>
    </Filter>
    <Filter Include="crypto\bio">
      <UniqueIdentifier>{a4ab5467-7454-4018-8c91-cd61acbd21e0}</UniqueIdentifier>
    </Filter>
    <Filter Include="crypto\rand">
      <UniqueIdentifier>{71d6bfbd-3cf4-42c4-8cd7-b9c05d185b1e}</UniqueIdentifier>
    </Filter>
    <Filter Include="crypto\buffer">
      <UniqueIdentifier>{986f51d6-e0e3-419e-a048-0d39c9a5300d}</UniqueIdentifier>
    </Filter>
    <Filter Include="crypto\objects">
      <UniqueIdentifier>{0faf452c-e9a1-4567-845f-5b7224cb991f}</UniqueIdentifier>
    </Filter>
    <Filter Include="crypto\asn1">
      <UniqueIdentifier>{486eea5e-7b7f-4353-9502-d40f96bab70d}</UniqueIdentifier>
    </Filter>
    <Filter Include="crypto\bn">
      <UniqueIdentifier>{cfff4727-0816-4c17-bd8e-474a48408e3f}</UniqueIdentifier>
    </Filter>
    <Filter Include="crypto\evp">
      <UniqueIdentifier>{f7b607e3-154a-4875-899c-591101ebca27}</UniqueIdentifier>
    </Filter>
    <Filter Include="crypto\hmac">
      <UniqueIdentifier>{a3602fce-c313-4e8b-a8a4-e5ea048dc617}</UniqueIdentifier>
    </Filter>
    <Filter Include="crypto\ec">
      <UniqueIdentifier>{7e3fb49a-0d34-446e-b583-6ecb7e610cd8}</UniqueIdentifier>
    </Filter>
    <Filter Include="crypto\dsa">
      <UniqueIdentifier>{76a7a403-9ffe-4f87-9306-fc3280077b84}</UniqueIdentifier>
    </Filter>
    <Filter Include="crypto\rsa">
      <UniqueIdentifier>{bc676a01-a888-4b58-a808-f2a6c2dc29c2}</UniqueIdentifier>
    </Filter>
    <Filter Include="crypto\dh">
      <UniqueIdentifier>{fd5b0706-46d7-415d-8f6d-b61f654969c7}</UniqueIdentifier>
    </Filter>
    <Filter Include="crypto\pkcs7">
      <UniqueIdentifier>{21472c7e-b296-4744-8e5b-a0e917bac05c}</UniqueIdentifier>
    </Filter>
    <Filter Include="crypto\cms">
      <UniqueIdentifier>{0654a587-aed9-499a-a606-f31bcf79ccde}</UniqueIdentifier>
    </Filter>
    <Filter Include="crypto\x509">
      <UniqueIdentifier>{b3a11faf-1b28-46e3-92f5-11273ddec5d8}</UniqueIdentifier>
    </Filter>
    <Filter Include="crypto\ecdsa">
      <UniqueIdentifier>{a6612be3-09f8-4e84-9d19-9f8587cee43d}</UniqueIdentifier>
    </Filter>
    <Filter Include="crypto\sha">
      <UniqueIdentifier>{1df1194a-756d-4f22-bb79-89ae0be3998b}</UniqueIdentifier>
    </Filter>
    <Filter Include="crypto\aes">
      <UniqueIdentifier>{677b2fbd-663f-4052-b772-49ccd405cd33}</UniqueIdentifier>
    </Filter>
    <Filter Include="crypto\x509v3">
      <UniqueIdentifier>{c6dc105b-4234-4e8e-9b1f-6515c82968c9}</UniqueIdentifier>
    </Filter>
    <Filter Include="crypto\ecdh">
      <UniqueIdentifier>{8e16671b-782c-40c5-a7c8-d93ef6b63b05}</UniqueIdentifier>
    </Filter>
    <Filter Include="crypto\pkcs12">
      <UniqueIdentifier>{595f56d0-f160-4781-aa13-a8b21d46df1b}</UniqueIdentifier>
    </Filter>
    <Filter Include="crypto\conf">
      <UniqueIdentifier>{23c5001e-9e62-4c01-a6d6-adcafddbaced}</UniqueIdentifier>
    </Filter>
    <Filter Include="crypto\md5">
      <UniqueIdentifier>{dee91913-925f-4fb9-baf5-6347bf676b19}</UniqueIdentifier>
    </Filter>
    <Filter Include="crypto\dso">
      <UniqueIdentifier>{6f2be304-2b38-4e5f-95dd-135b72251833}</UniqueIdentifier>
    </Filter>
    <Filter Include="crypto\pem">
      <UniqueIdentifier>{188d3425-6adf-41cd-8b11-9aeaefde7392}</UniqueIdentifier>
    </Filter>
    <Filter Include="crypto\ocsp">
      <UniqueIdentifier>{e3e68baf-77be-4434-9d7e-1af93909104a}</UniqueIdentifier>
    </Filter>
    <Filter Include="crypto\ui">
      <UniqueIdentifier>{b10ee146-6023-4c28-95c1-7d90a6a5ca23}</UniqueIdentifier>
    </Filter>
    <Filter Include="crypto\comp">
      <UniqueIdentifier>{284a0a80-cc02-44af-85f4-c3ae7b314d46}</UniqueIdentifier>
    </Filter>
    <Filter Include="crypto\jpake">
      <UniqueIdentifier>{80d75fe1-d13b-46ee-bf7f-c75fc113cce1}</UniqueIdentifier>
    </Filter>
    <Filter Include="crypto\ts">
      <UniqueIdentifier>{bb3333e9-dc2a-4b70-a177-a9ab30cff2c9}</UniqueIdentifier>
    </Filter>
    <Filter Include="crypto\md2">
      <UniqueIdentifier>{14dbbeec-fbb4-476b-9f98-e5511608d28b}</UniqueIdentifier>
    </Filter>
    <Filter Include="crypto\rc2">
      <UniqueIdentifier>{9ddedfa4-1456-45f4-b8d7-cfde9230e2b9}</UniqueIdentifier>
    </Filter>
    <Filter Include="crypto\rc4">
      <UniqueIdentifier>{2642f4e8-cab0-421e-8d9a-e207b4a9988f}</UniqueIdentifier>
    </Filter>
    <Filter Include="crypto\idea">
      <UniqueIdentifier>{a3e9705e-1c82-4544-b8dc-715815a19f9f}</UniqueIdentifier>
    </Filter>
    <Filter Include="crypto\des">
      <UniqueIdentifier>{8fa82d05-6cbf-4afc-b7fe-899d22df9b46}</UniqueIdentifier>
    </Filter>
    <Filter Include="crypto\bf">
      <UniqueIdentifier>{49536476-bb48-4a08-b13d-454d309cdb28}</UniqueIdentifier>
    </Filter>
    <Filter Include="crypto\cast">
      <UniqueIdentifier>{1804b730-be29-4e05-80db-d9bfa9c85f0d}</UniqueIdentifier>
    </Filter>
    <Filter Include="crypto\md4">
      <UniqueIdentifier>{c9dfb8ad-fd14-49cc-bd61-65c799b4020e}</UniqueIdentifier>
    </Filter>
    <Filter Include="crypto\ripemd">
      <UniqueIdentifier>{1944d31f-282b-4c3b-b11c-576664c920f0}</UniqueIdentifier>
    </Filter>
    <Filter Include="crypto\whrlpool">
      <UniqueIdentifier>{67ddb23e-affb-4753-9698-1a059c367f47}</UniqueIdentifier>
    </Filter>
    <Filter Include="crypto\modes">
      <UniqueIdentifier>{a7bbdffd-c53e-4b69-9f18-bbf3bbb92044}</UniqueIdentifier>
    </Filter>
    <Filter Include="ssl">
      <UniqueIdentifier>{62d5e2f6-6173-4d44-8973-d586df512e2c}</UniqueIdentifier>
    </Filter>
    <Filter Include="engines">
      <UniqueIdentifier>{033318cc-864f-4f2f-9848-c2d36f3e8522}</UniqueIdentifier>
    </Filter>
    <Filter Include="engines\ccgost">
      <UniqueIdentifier>{d51ff061-6b5b-4460-9886-ef33bb15c880}</UniqueIdentifier>
    </Filter>
    <Filter Include="crypto\seed">
      <UniqueIdentifier>{56014755-affe-4689-b9ca-b43247b5a09e}</UniqueIdentifier>
    </Filter>
    <Filter Include="crypto\mdc2">
      <UniqueIdentifier>{d9039e79-38fd-480a-82f4-2a42f6dcf7cb}</UniqueIdentifier>
    </Filter>
    <Filter Include="Resources">
      <UniqueIdentifier>{dc469f2d-251e-49eb-8030-0a555e2eb5ad}</UniqueIdentifier>
    </Filter>
    <Filter Include="crypto\bn\asm">
      <UniqueIdentifier>{fac01385-8be9-4aac-8b02-485da559ce37}</UniqueIdentifier>
    </Filter>
    <Filter Include="crypto\cmac">
      <UniqueIdentifier>{65147bbf-862a-4e0e-a51e-3ce9e3a2918a}</UniqueIdentifier>
    </Filter>
  </ItemGroup>
  <ItemGroup>
    <ClCompile Include="crypto\cpt_err.c">
      <Filter>crypto</Filter>
    </ClCompile>
    <ClCompile Include="crypto\cryptlib.c">
      <Filter>crypto</Filter>
    </ClCompile>
    <ClCompile Include="crypto\ex_data.c">
      <Filter>crypto</Filter>
    </ClCompile>
    <ClCompile Include="crypto\mem.c">
      <Filter>crypto</Filter>
    </ClCompile>
    <ClCompile Include="crypto\mem_clr.c">
      <Filter>crypto</Filter>
    </ClCompile>
    <ClCompile Include="crypto\mem_dbg.c">
      <Filter>crypto</Filter>
    </ClCompile>
    <ClCompile Include="crypto\o_dir.c">
      <Filter>crypto</Filter>
    </ClCompile>
    <ClCompile Include="crypto\o_time.c">
      <Filter>crypto</Filter>
    </ClCompile>
    <ClCompile Include="crypto\engine\eng_all.c">
      <Filter>crypto\engine</Filter>
    </ClCompile>
    <ClCompile Include="crypto\engine\eng_ctrl.c">
      <Filter>crypto\engine</Filter>
    </ClCompile>
    <ClCompile Include="crypto\engine\eng_dyn.c">
      <Filter>crypto\engine</Filter>
    </ClCompile>
    <ClCompile Include="crypto\engine\eng_err.c">
      <Filter>crypto\engine</Filter>
    </ClCompile>
    <ClCompile Include="crypto\engine\eng_fat.c">
      <Filter>crypto\engine</Filter>
    </ClCompile>
    <ClCompile Include="crypto\engine\eng_init.c">
      <Filter>crypto\engine</Filter>
    </ClCompile>
    <ClCompile Include="crypto\engine\eng_lib.c">
      <Filter>crypto\engine</Filter>
    </ClCompile>
    <ClCompile Include="crypto\engine\eng_list.c">
      <Filter>crypto\engine</Filter>
    </ClCompile>
    <ClCompile Include="crypto\engine\eng_pkey.c">
      <Filter>crypto\engine</Filter>
    </ClCompile>
    <ClCompile Include="crypto\engine\eng_table.c">
      <Filter>crypto\engine</Filter>
    </ClCompile>
    <ClCompile Include="crypto\engine\tb_asnmth.c">
      <Filter>crypto\engine</Filter>
    </ClCompile>
    <ClCompile Include="crypto\engine\tb_cipher.c">
      <Filter>crypto\engine</Filter>
    </ClCompile>
    <ClCompile Include="crypto\engine\tb_dh.c">
      <Filter>crypto\engine</Filter>
    </ClCompile>
    <ClCompile Include="crypto\engine\tb_digest.c">
      <Filter>crypto\engine</Filter>
    </ClCompile>
    <ClCompile Include="crypto\engine\tb_dsa.c">
      <Filter>crypto\engine</Filter>
    </ClCompile>
    <ClCompile Include="crypto\engine\tb_ecdh.c">
      <Filter>crypto\engine</Filter>
    </ClCompile>
    <ClCompile Include="crypto\engine\tb_ecdsa.c">
      <Filter>crypto\engine</Filter>
    </ClCompile>
    <ClCompile Include="crypto\engine\tb_pkmeth.c">
      <Filter>crypto\engine</Filter>
    </ClCompile>
    <ClCompile Include="crypto\engine\tb_rand.c">
      <Filter>crypto\engine</Filter>
    </ClCompile>
    <ClCompile Include="crypto\engine\tb_rsa.c">
      <Filter>crypto\engine</Filter>
    </ClCompile>
    <ClCompile Include="crypto\err\err.c">
      <Filter>crypto\err</Filter>
    </ClCompile>
    <ClCompile Include="crypto\err\err_all.c">
      <Filter>crypto\err</Filter>
    </ClCompile>
    <ClCompile Include="crypto\err\err_prn.c">
      <Filter>crypto\err</Filter>
    </ClCompile>
    <ClCompile Include="crypto\stack\stack.c">
      <Filter>crypto\stack</Filter>
    </ClCompile>
    <ClCompile Include="crypto\lhash\lhash.c">
      <Filter>crypto\lhash</Filter>
    </ClCompile>
    <ClCompile Include="crypto\bio\b_dump.c">
      <Filter>crypto\bio</Filter>
    </ClCompile>
    <ClCompile Include="crypto\bio\b_print.c">
      <Filter>crypto\bio</Filter>
    </ClCompile>
    <ClCompile Include="crypto\bio\bf_buff.c">
      <Filter>crypto\bio</Filter>
    </ClCompile>
    <ClCompile Include="crypto\bio\bio_asn1.c">
      <Filter>crypto\bio</Filter>
    </ClCompile>
    <ClCompile Include="crypto\bio\bio_err.c">
      <Filter>crypto\bio</Filter>
    </ClCompile>
    <ClCompile Include="crypto\bio\bio_lib.c">
      <Filter>crypto\bio</Filter>
    </ClCompile>
    <ClCompile Include="crypto\bio\bio_md.c">
      <Filter>crypto\bio</Filter>
    </ClCompile>
    <ClCompile Include="crypto\bio\bss_bio.c">
      <Filter>crypto\bio</Filter>
    </ClCompile>
    <ClCompile Include="crypto\bio\bss_file.c">
      <Filter>crypto\bio</Filter>
    </ClCompile>
    <ClCompile Include="crypto\bio\bss_mem.c">
      <Filter>crypto\bio</Filter>
    </ClCompile>
    <ClCompile Include="crypto\bio\bss_null.c">
      <Filter>crypto\bio</Filter>
    </ClCompile>
    <ClCompile Include="crypto\bio\bss_sock.c">
      <Filter>crypto\bio</Filter>
    </ClCompile>
    <ClCompile Include="crypto\rand\md_rand.c">
      <Filter>crypto\rand</Filter>
    </ClCompile>
    <ClCompile Include="crypto\rand\rand_err.c">
      <Filter>crypto\rand</Filter>
    </ClCompile>
    <ClCompile Include="crypto\rand\rand_lib.c">
      <Filter>crypto\rand</Filter>
    </ClCompile>
    <ClCompile Include="crypto\rand\rand_win.c">
      <Filter>crypto\rand</Filter>
    </ClCompile>
    <ClCompile Include="crypto\buffer\buf_err.c">
      <Filter>crypto\buffer</Filter>
    </ClCompile>
    <ClCompile Include="crypto\buffer\buffer.c">
      <Filter>crypto\buffer</Filter>
    </ClCompile>
    <ClCompile Include="crypto\objects\o_names.c">
      <Filter>crypto\objects</Filter>
    </ClCompile>
    <ClCompile Include="crypto\objects\obj_dat.c">
      <Filter>crypto\objects</Filter>
    </ClCompile>
    <ClCompile Include="crypto\objects\obj_err.c">
      <Filter>crypto\objects</Filter>
    </ClCompile>
    <ClCompile Include="crypto\objects\obj_lib.c">
      <Filter>crypto\objects</Filter>
    </ClCompile>
    <ClCompile Include="crypto\objects\obj_xref.c">
      <Filter>crypto\objects</Filter>
    </ClCompile>
    <ClCompile Include="crypto\asn1\a_bitstr.c">
      <Filter>crypto\asn1</Filter>
    </ClCompile>
    <ClCompile Include="crypto\asn1\a_bool.c">
      <Filter>crypto\asn1</Filter>
    </ClCompile>
    <ClCompile Include="crypto\asn1\a_bytes.c">
      <Filter>crypto\asn1</Filter>
    </ClCompile>
    <ClCompile Include="crypto\asn1\a_d2i_fp.c">
      <Filter>crypto\asn1</Filter>
    </ClCompile>
    <ClCompile Include="crypto\asn1\a_digest.c">
      <Filter>crypto\asn1</Filter>
    </ClCompile>
    <ClCompile Include="crypto\asn1\a_dup.c">
      <Filter>crypto\asn1</Filter>
    </ClCompile>
    <ClCompile Include="crypto\asn1\a_enum.c">
      <Filter>crypto\asn1</Filter>
    </ClCompile>
    <ClCompile Include="crypto\asn1\a_gentm.c">
      <Filter>crypto\asn1</Filter>
    </ClCompile>
    <ClCompile Include="crypto\asn1\a_i2d_fp.c">
      <Filter>crypto\asn1</Filter>
    </ClCompile>
    <ClCompile Include="crypto\asn1\a_int.c">
      <Filter>crypto\asn1</Filter>
    </ClCompile>
    <ClCompile Include="crypto\asn1\a_mbstr.c">
      <Filter>crypto\asn1</Filter>
    </ClCompile>
    <ClCompile Include="crypto\asn1\a_object.c">
      <Filter>crypto\asn1</Filter>
    </ClCompile>
    <ClCompile Include="crypto\asn1\a_octet.c">
      <Filter>crypto\asn1</Filter>
    </ClCompile>
    <ClCompile Include="crypto\asn1\a_print.c">
      <Filter>crypto\asn1</Filter>
    </ClCompile>
    <ClCompile Include="crypto\asn1\a_set.c">
      <Filter>crypto\asn1</Filter>
    </ClCompile>
    <ClCompile Include="crypto\asn1\a_sign.c">
      <Filter>crypto\asn1</Filter>
    </ClCompile>
    <ClCompile Include="crypto\asn1\a_strex.c">
      <Filter>crypto\asn1</Filter>
    </ClCompile>
    <ClCompile Include="crypto\asn1\a_strnid.c">
      <Filter>crypto\asn1</Filter>
    </ClCompile>
    <ClCompile Include="crypto\asn1\a_time.c">
      <Filter>crypto\asn1</Filter>
    </ClCompile>
    <ClCompile Include="crypto\asn1\a_type.c">
      <Filter>crypto\asn1</Filter>
    </ClCompile>
    <ClCompile Include="crypto\asn1\a_utctm.c">
      <Filter>crypto\asn1</Filter>
    </ClCompile>
    <ClCompile Include="crypto\asn1\a_utf8.c">
      <Filter>crypto\asn1</Filter>
    </ClCompile>
    <ClCompile Include="crypto\asn1\a_verify.c">
      <Filter>crypto\asn1</Filter>
    </ClCompile>
    <ClCompile Include="crypto\asn1\ameth_lib.c">
      <Filter>crypto\asn1</Filter>
    </ClCompile>
    <ClCompile Include="crypto\asn1\asn1_err.c">
      <Filter>crypto\asn1</Filter>
    </ClCompile>
    <ClCompile Include="crypto\asn1\asn1_gen.c">
      <Filter>crypto\asn1</Filter>
    </ClCompile>
    <ClCompile Include="crypto\asn1\asn1_lib.c">
      <Filter>crypto\asn1</Filter>
    </ClCompile>
    <ClCompile Include="crypto\asn1\asn1_par.c">
      <Filter>crypto\asn1</Filter>
    </ClCompile>
    <ClCompile Include="crypto\asn1\asn_mime.c">
      <Filter>crypto\asn1</Filter>
    </ClCompile>
    <ClCompile Include="crypto\asn1\asn_pack.c">
      <Filter>crypto\asn1</Filter>
    </ClCompile>
    <ClCompile Include="crypto\asn1\bio_ndef.c">
      <Filter>crypto\asn1</Filter>
    </ClCompile>
    <ClCompile Include="crypto\asn1\d2i_pr.c">
      <Filter>crypto\asn1</Filter>
    </ClCompile>
    <ClCompile Include="crypto\asn1\evp_asn1.c">
      <Filter>crypto\asn1</Filter>
    </ClCompile>
    <ClCompile Include="crypto\asn1\f_int.c">
      <Filter>crypto\asn1</Filter>
    </ClCompile>
    <ClCompile Include="crypto\asn1\f_string.c">
      <Filter>crypto\asn1</Filter>
    </ClCompile>
    <ClCompile Include="crypto\asn1\i2d_pr.c">
      <Filter>crypto\asn1</Filter>
    </ClCompile>
    <ClCompile Include="crypto\asn1\nsseq.c">
      <Filter>crypto\asn1</Filter>
    </ClCompile>
    <ClCompile Include="crypto\asn1\p5_pbe.c">
      <Filter>crypto\asn1</Filter>
    </ClCompile>
    <ClCompile Include="crypto\asn1\p5_pbev2.c">
      <Filter>crypto\asn1</Filter>
    </ClCompile>
    <ClCompile Include="crypto\asn1\p8_pkey.c">
      <Filter>crypto\asn1</Filter>
    </ClCompile>
    <ClCompile Include="crypto\asn1\t_pkey.c">
      <Filter>crypto\asn1</Filter>
    </ClCompile>
    <ClCompile Include="crypto\asn1\t_x509.c">
      <Filter>crypto\asn1</Filter>
    </ClCompile>
    <ClCompile Include="crypto\asn1\t_x509a.c">
      <Filter>crypto\asn1</Filter>
    </ClCompile>
    <ClCompile Include="crypto\asn1\tasn_dec.c">
      <Filter>crypto\asn1</Filter>
    </ClCompile>
    <ClCompile Include="crypto\asn1\tasn_enc.c">
      <Filter>crypto\asn1</Filter>
    </ClCompile>
    <ClCompile Include="crypto\asn1\tasn_fre.c">
      <Filter>crypto\asn1</Filter>
    </ClCompile>
    <ClCompile Include="crypto\asn1\tasn_new.c">
      <Filter>crypto\asn1</Filter>
    </ClCompile>
    <ClCompile Include="crypto\asn1\tasn_prn.c">
      <Filter>crypto\asn1</Filter>
    </ClCompile>
    <ClCompile Include="crypto\asn1\tasn_typ.c">
      <Filter>crypto\asn1</Filter>
    </ClCompile>
    <ClCompile Include="crypto\asn1\tasn_utl.c">
      <Filter>crypto\asn1</Filter>
    </ClCompile>
    <ClCompile Include="crypto\asn1\x_algor.c">
      <Filter>crypto\asn1</Filter>
    </ClCompile>
    <ClCompile Include="crypto\asn1\x_attrib.c">
      <Filter>crypto\asn1</Filter>
    </ClCompile>
    <ClCompile Include="crypto\asn1\x_bignum.c">
      <Filter>crypto\asn1</Filter>
    </ClCompile>
    <ClCompile Include="crypto\asn1\x_crl.c">
      <Filter>crypto\asn1</Filter>
    </ClCompile>
    <ClCompile Include="crypto\asn1\x_exten.c">
      <Filter>crypto\asn1</Filter>
    </ClCompile>
    <ClCompile Include="crypto\asn1\x_info.c">
      <Filter>crypto\asn1</Filter>
    </ClCompile>
    <ClCompile Include="crypto\asn1\x_long.c">
      <Filter>crypto\asn1</Filter>
    </ClCompile>
    <ClCompile Include="crypto\asn1\x_name.c">
      <Filter>crypto\asn1</Filter>
    </ClCompile>
    <ClCompile Include="crypto\asn1\x_pkey.c">
      <Filter>crypto\asn1</Filter>
    </ClCompile>
    <ClCompile Include="crypto\asn1\x_pubkey.c">
      <Filter>crypto\asn1</Filter>
    </ClCompile>
    <ClCompile Include="crypto\asn1\x_req.c">
      <Filter>crypto\asn1</Filter>
    </ClCompile>
    <ClCompile Include="crypto\asn1\x_sig.c">
      <Filter>crypto\asn1</Filter>
    </ClCompile>
    <ClCompile Include="crypto\asn1\x_spki.c">
      <Filter>crypto\asn1</Filter>
    </ClCompile>
    <ClCompile Include="crypto\asn1\x_val.c">
      <Filter>crypto\asn1</Filter>
    </ClCompile>
    <ClCompile Include="crypto\asn1\x_x509.c">
      <Filter>crypto\asn1</Filter>
    </ClCompile>
    <ClCompile Include="crypto\asn1\x_x509a.c">
      <Filter>crypto\asn1</Filter>
    </ClCompile>
    <ClCompile Include="crypto\bn\bn_add.c">
      <Filter>crypto\bn</Filter>
    </ClCompile>
    <ClCompile Include="crypto\bn\bn_asm.c">
      <Filter>crypto\bn</Filter>
    </ClCompile>
    <ClCompile Include="crypto\bn\bn_blind.c">
      <Filter>crypto\bn</Filter>
    </ClCompile>
    <ClCompile Include="crypto\bn\bn_ctx.c">
      <Filter>crypto\bn</Filter>
    </ClCompile>
    <ClCompile Include="crypto\bn\bn_div.c">
      <Filter>crypto\bn</Filter>
    </ClCompile>
    <ClCompile Include="crypto\bn\bn_err.c">
      <Filter>crypto\bn</Filter>
    </ClCompile>
    <ClCompile Include="crypto\bn\bn_exp.c">
      <Filter>crypto\bn</Filter>
    </ClCompile>
    <ClCompile Include="crypto\bn\bn_exp2.c">
      <Filter>crypto\bn</Filter>
    </ClCompile>
    <ClCompile Include="crypto\bn\bn_gcd.c">
      <Filter>crypto\bn</Filter>
    </ClCompile>
    <ClCompile Include="crypto\bn\bn_gf2m.c">
      <Filter>crypto\bn</Filter>
    </ClCompile>
    <ClCompile Include="crypto\bn\bn_kron.c">
      <Filter>crypto\bn</Filter>
    </ClCompile>
    <ClCompile Include="crypto\bn\bn_lib.c">
      <Filter>crypto\bn</Filter>
    </ClCompile>
    <ClCompile Include="crypto\bn\bn_mod.c">
      <Filter>crypto\bn</Filter>
    </ClCompile>
    <ClCompile Include="crypto\bn\bn_mont.c">
      <Filter>crypto\bn</Filter>
    </ClCompile>
    <ClCompile Include="crypto\bn\bn_mul.c">
      <Filter>crypto\bn</Filter>
    </ClCompile>
    <ClCompile Include="crypto\bn\bn_nist.c">
      <Filter>crypto\bn</Filter>
    </ClCompile>
    <ClCompile Include="crypto\bn\bn_prime.c">
      <Filter>crypto\bn</Filter>
    </ClCompile>
    <ClCompile Include="crypto\bn\bn_print.c">
      <Filter>crypto\bn</Filter>
    </ClCompile>
    <ClCompile Include="crypto\bn\bn_rand.c">
      <Filter>crypto\bn</Filter>
    </ClCompile>
    <ClCompile Include="crypto\bn\bn_recp.c">
      <Filter>crypto\bn</Filter>
    </ClCompile>
    <ClCompile Include="crypto\bn\bn_shift.c">
      <Filter>crypto\bn</Filter>
    </ClCompile>
    <ClCompile Include="crypto\bn\bn_sqr.c">
      <Filter>crypto\bn</Filter>
    </ClCompile>
    <ClCompile Include="crypto\bn\bn_sqrt.c">
      <Filter>crypto\bn</Filter>
    </ClCompile>
    <ClCompile Include="crypto\bn\bn_word.c">
      <Filter>crypto\bn</Filter>
    </ClCompile>
    <ClCompile Include="crypto\evp\bio_b64.c">
      <Filter>crypto\evp</Filter>
    </ClCompile>
    <ClCompile Include="crypto\evp\bio_enc.c">
      <Filter>crypto\evp</Filter>
    </ClCompile>
    <ClCompile Include="crypto\evp\c_all.c">
      <Filter>crypto\evp</Filter>
    </ClCompile>
    <ClCompile Include="crypto\evp\c_allc.c">
      <Filter>crypto\evp</Filter>
    </ClCompile>
    <ClCompile Include="crypto\evp\c_alld.c">
      <Filter>crypto\evp</Filter>
    </ClCompile>
    <ClCompile Include="crypto\evp\digest.c">
      <Filter>crypto\evp</Filter>
    </ClCompile>
    <ClCompile Include="crypto\evp\e_aes.c">
      <Filter>crypto\evp</Filter>
    </ClCompile>
    <ClCompile Include="crypto\evp\e_bf.c">
      <Filter>crypto\evp</Filter>
    </ClCompile>
    <ClCompile Include="crypto\evp\e_cast.c">
      <Filter>crypto\evp</Filter>
    </ClCompile>
    <ClCompile Include="crypto\evp\e_des.c">
      <Filter>crypto\evp</Filter>
    </ClCompile>
    <ClCompile Include="crypto\evp\e_des3.c">
      <Filter>crypto\evp</Filter>
    </ClCompile>
    <ClCompile Include="crypto\evp\e_idea.c">
      <Filter>crypto\evp</Filter>
    </ClCompile>
    <ClCompile Include="crypto\evp\e_null.c">
      <Filter>crypto\evp</Filter>
    </ClCompile>
    <ClCompile Include="crypto\evp\e_rc2.c">
      <Filter>crypto\evp</Filter>
    </ClCompile>
    <ClCompile Include="crypto\evp\e_rc4.c">
      <Filter>crypto\evp</Filter>
    </ClCompile>
    <ClCompile Include="crypto\evp\e_xcbc_d.c">
      <Filter>crypto\evp</Filter>
    </ClCompile>
    <ClCompile Include="crypto\evp\encode.c">
      <Filter>crypto\evp</Filter>
    </ClCompile>
    <ClCompile Include="crypto\evp\evp_enc.c">
      <Filter>crypto\evp</Filter>
    </ClCompile>
    <ClCompile Include="crypto\evp\evp_err.c">
      <Filter>crypto\evp</Filter>
    </ClCompile>
    <ClCompile Include="crypto\evp\evp_key.c">
      <Filter>crypto\evp</Filter>
    </ClCompile>
    <ClCompile Include="crypto\evp\evp_lib.c">
      <Filter>crypto\evp</Filter>
    </ClCompile>
    <ClCompile Include="crypto\evp\evp_pbe.c">
      <Filter>crypto\evp</Filter>
    </ClCompile>
    <ClCompile Include="crypto\evp\evp_pkey.c">
      <Filter>crypto\evp</Filter>
    </ClCompile>
    <ClCompile Include="crypto\evp\m_dss.c">
      <Filter>crypto\evp</Filter>
    </ClCompile>
    <ClCompile Include="crypto\evp\m_dss1.c">
      <Filter>crypto\evp</Filter>
    </ClCompile>
    <ClCompile Include="crypto\evp\m_ecdsa.c">
      <Filter>crypto\evp</Filter>
    </ClCompile>
    <ClCompile Include="crypto\evp\m_md2.c">
      <Filter>crypto\evp</Filter>
    </ClCompile>
    <ClCompile Include="crypto\evp\m_md4.c">
      <Filter>crypto\evp</Filter>
    </ClCompile>
    <ClCompile Include="crypto\evp\m_md5.c">
      <Filter>crypto\evp</Filter>
    </ClCompile>
    <ClCompile Include="crypto\evp\m_ripemd.c">
      <Filter>crypto\evp</Filter>
    </ClCompile>
    <ClCompile Include="crypto\evp\m_sha.c">
      <Filter>crypto\evp</Filter>
    </ClCompile>
    <ClCompile Include="crypto\evp\m_sha1.c">
      <Filter>crypto\evp</Filter>
    </ClCompile>
    <ClCompile Include="crypto\evp\m_sigver.c">
      <Filter>crypto\evp</Filter>
    </ClCompile>
    <ClCompile Include="crypto\evp\m_wp.c">
      <Filter>crypto\evp</Filter>
    </ClCompile>
    <ClCompile Include="crypto\evp\names.c">
      <Filter>crypto\evp</Filter>
    </ClCompile>
    <ClCompile Include="crypto\evp\p5_crpt.c">
      <Filter>crypto\evp</Filter>
    </ClCompile>
    <ClCompile Include="crypto\evp\p5_crpt2.c">
      <Filter>crypto\evp</Filter>
    </ClCompile>
    <ClCompile Include="crypto\evp\p_lib.c">
      <Filter>crypto\evp</Filter>
    </ClCompile>
    <ClCompile Include="crypto\evp\p_sign.c">
      <Filter>crypto\evp</Filter>
    </ClCompile>
    <ClCompile Include="crypto\evp\p_verify.c">
      <Filter>crypto\evp</Filter>
    </ClCompile>
    <ClCompile Include="crypto\evp\pmeth_fn.c">
      <Filter>crypto\evp</Filter>
    </ClCompile>
    <ClCompile Include="crypto\evp\pmeth_gn.c">
      <Filter>crypto\evp</Filter>
    </ClCompile>
    <ClCompile Include="crypto\evp\pmeth_lib.c">
      <Filter>crypto\evp</Filter>
    </ClCompile>
    <ClCompile Include="crypto\hmac\hm_ameth.c">
      <Filter>crypto\hmac</Filter>
    </ClCompile>
    <ClCompile Include="crypto\hmac\hm_pmeth.c">
      <Filter>crypto\hmac</Filter>
    </ClCompile>
    <ClCompile Include="crypto\hmac\hmac.c">
      <Filter>crypto\hmac</Filter>
    </ClCompile>
    <ClCompile Include="crypto\ec\ec2_mult.c">
      <Filter>crypto\ec</Filter>
    </ClCompile>
    <ClCompile Include="crypto\ec\ec2_smpl.c">
      <Filter>crypto\ec</Filter>
    </ClCompile>
    <ClCompile Include="crypto\ec\ec_ameth.c">
      <Filter>crypto\ec</Filter>
    </ClCompile>
    <ClCompile Include="crypto\ec\ec_asn1.c">
      <Filter>crypto\ec</Filter>
    </ClCompile>
    <ClCompile Include="crypto\ec\ec_curve.c">
      <Filter>crypto\ec</Filter>
    </ClCompile>
    <ClCompile Include="crypto\ec\ec_cvt.c">
      <Filter>crypto\ec</Filter>
    </ClCompile>
    <ClCompile Include="crypto\ec\ec_err.c">
      <Filter>crypto\ec</Filter>
    </ClCompile>
    <ClCompile Include="crypto\ec\ec_key.c">
      <Filter>crypto\ec</Filter>
    </ClCompile>
    <ClCompile Include="crypto\ec\ec_lib.c">
      <Filter>crypto\ec</Filter>
    </ClCompile>
    <ClCompile Include="crypto\ec\ec_mult.c">
      <Filter>crypto\ec</Filter>
    </ClCompile>
    <ClCompile Include="crypto\ec\ec_pmeth.c">
      <Filter>crypto\ec</Filter>
    </ClCompile>
    <ClCompile Include="crypto\ec\ec_print.c">
      <Filter>crypto\ec</Filter>
    </ClCompile>
    <ClCompile Include="crypto\ec\eck_prn.c">
      <Filter>crypto\ec</Filter>
    </ClCompile>
    <ClCompile Include="crypto\ec\ecp_mont.c">
      <Filter>crypto\ec</Filter>
    </ClCompile>
    <ClCompile Include="crypto\ec\ecp_nist.c">
      <Filter>crypto\ec</Filter>
    </ClCompile>
    <ClCompile Include="crypto\ec\ecp_smpl.c">
      <Filter>crypto\ec</Filter>
    </ClCompile>
    <ClCompile Include="crypto\dsa\dsa_ameth.c">
      <Filter>crypto\dsa</Filter>
    </ClCompile>
    <ClCompile Include="crypto\dsa\dsa_asn1.c">
      <Filter>crypto\dsa</Filter>
    </ClCompile>
    <ClCompile Include="crypto\dsa\dsa_err.c">
      <Filter>crypto\dsa</Filter>
    </ClCompile>
    <ClCompile Include="crypto\dsa\dsa_gen.c">
      <Filter>crypto\dsa</Filter>
    </ClCompile>
    <ClCompile Include="crypto\dsa\dsa_key.c">
      <Filter>crypto\dsa</Filter>
    </ClCompile>
    <ClCompile Include="crypto\dsa\dsa_lib.c">
      <Filter>crypto\dsa</Filter>
    </ClCompile>
    <ClCompile Include="crypto\dsa\dsa_ossl.c">
      <Filter>crypto\dsa</Filter>
    </ClCompile>
    <ClCompile Include="crypto\dsa\dsa_pmeth.c">
      <Filter>crypto\dsa</Filter>
    </ClCompile>
    <ClCompile Include="crypto\dsa\dsa_sign.c">
      <Filter>crypto\dsa</Filter>
    </ClCompile>
    <ClCompile Include="crypto\dsa\dsa_vrf.c">
      <Filter>crypto\dsa</Filter>
    </ClCompile>
    <ClCompile Include="crypto\rsa\rsa_ameth.c">
      <Filter>crypto\rsa</Filter>
    </ClCompile>
    <ClCompile Include="crypto\rsa\rsa_asn1.c">
      <Filter>crypto\rsa</Filter>
    </ClCompile>
    <ClCompile Include="crypto\rsa\rsa_chk.c">
      <Filter>crypto\rsa</Filter>
    </ClCompile>
    <ClCompile Include="crypto\rsa\rsa_eay.c">
      <Filter>crypto\rsa</Filter>
    </ClCompile>
    <ClCompile Include="crypto\rsa\rsa_err.c">
      <Filter>crypto\rsa</Filter>
    </ClCompile>
    <ClCompile Include="crypto\rsa\rsa_gen.c">
      <Filter>crypto\rsa</Filter>
    </ClCompile>
    <ClCompile Include="crypto\rsa\rsa_lib.c">
      <Filter>crypto\rsa</Filter>
    </ClCompile>
    <ClCompile Include="crypto\rsa\rsa_none.c">
      <Filter>crypto\rsa</Filter>
    </ClCompile>
    <ClCompile Include="crypto\rsa\rsa_oaep.c">
      <Filter>crypto\rsa</Filter>
    </ClCompile>
    <ClCompile Include="crypto\rsa\rsa_pk1.c">
      <Filter>crypto\rsa</Filter>
    </ClCompile>
    <ClCompile Include="crypto\rsa\rsa_pmeth.c">
      <Filter>crypto\rsa</Filter>
    </ClCompile>
    <ClCompile Include="crypto\rsa\rsa_pss.c">
      <Filter>crypto\rsa</Filter>
    </ClCompile>
    <ClCompile Include="crypto\rsa\rsa_sign.c">
      <Filter>crypto\rsa</Filter>
    </ClCompile>
    <ClCompile Include="crypto\rsa\rsa_ssl.c">
      <Filter>crypto\rsa</Filter>
    </ClCompile>
    <ClCompile Include="crypto\rsa\rsa_x931.c">
      <Filter>crypto\rsa</Filter>
    </ClCompile>
    <ClCompile Include="crypto\dh\dh_ameth.c">
      <Filter>crypto\dh</Filter>
    </ClCompile>
    <ClCompile Include="crypto\dh\dh_asn1.c">
      <Filter>crypto\dh</Filter>
    </ClCompile>
    <ClCompile Include="crypto\dh\dh_check.c">
      <Filter>crypto\dh</Filter>
    </ClCompile>
    <ClCompile Include="crypto\dh\dh_err.c">
      <Filter>crypto\dh</Filter>
    </ClCompile>
    <ClCompile Include="crypto\dh\dh_gen.c">
      <Filter>crypto\dh</Filter>
    </ClCompile>
    <ClCompile Include="crypto\dh\dh_key.c">
      <Filter>crypto\dh</Filter>
    </ClCompile>
    <ClCompile Include="crypto\dh\dh_lib.c">
      <Filter>crypto\dh</Filter>
    </ClCompile>
    <ClCompile Include="crypto\dh\dh_pmeth.c">
      <Filter>crypto\dh</Filter>
    </ClCompile>
    <ClCompile Include="crypto\pkcs7\pk7_asn1.c">
      <Filter>crypto\pkcs7</Filter>
    </ClCompile>
    <ClCompile Include="crypto\pkcs7\pk7_attr.c">
      <Filter>crypto\pkcs7</Filter>
    </ClCompile>
    <ClCompile Include="crypto\pkcs7\pk7_doit.c">
      <Filter>crypto\pkcs7</Filter>
    </ClCompile>
    <ClCompile Include="crypto\pkcs7\pk7_lib.c">
      <Filter>crypto\pkcs7</Filter>
    </ClCompile>
    <ClCompile Include="crypto\pkcs7\pkcs7err.c">
      <Filter>crypto\pkcs7</Filter>
    </ClCompile>
    <ClCompile Include="crypto\cms\cms_asn1.c">
      <Filter>crypto\cms</Filter>
    </ClCompile>
    <ClCompile Include="crypto\cms\cms_att.c">
      <Filter>crypto\cms</Filter>
    </ClCompile>
    <ClCompile Include="crypto\cms\cms_dd.c">
      <Filter>crypto\cms</Filter>
    </ClCompile>
    <ClCompile Include="crypto\cms\cms_enc.c">
      <Filter>crypto\cms</Filter>
    </ClCompile>
    <ClCompile Include="crypto\cms\cms_env.c">
      <Filter>crypto\cms</Filter>
    </ClCompile>
    <ClCompile Include="crypto\cms\cms_err.c">
      <Filter>crypto\cms</Filter>
    </ClCompile>
    <ClCompile Include="crypto\cms\cms_io.c">
      <Filter>crypto\cms</Filter>
    </ClCompile>
    <ClCompile Include="crypto\cms\cms_lib.c">
      <Filter>crypto\cms</Filter>
    </ClCompile>
    <ClCompile Include="crypto\cms\cms_sd.c">
      <Filter>crypto\cms</Filter>
    </ClCompile>
    <ClCompile Include="crypto\x509\by_dir.c">
      <Filter>crypto\x509</Filter>
    </ClCompile>
    <ClCompile Include="crypto\x509\by_file.c">
      <Filter>crypto\x509</Filter>
    </ClCompile>
    <ClCompile Include="crypto\x509\x509_att.c">
      <Filter>crypto\x509</Filter>
    </ClCompile>
    <ClCompile Include="crypto\x509\x509_cmp.c">
      <Filter>crypto\x509</Filter>
    </ClCompile>
    <ClCompile Include="crypto\x509\x509_d2.c">
      <Filter>crypto\x509</Filter>
    </ClCompile>
    <ClCompile Include="crypto\x509\x509_def.c">
      <Filter>crypto\x509</Filter>
    </ClCompile>
    <ClCompile Include="crypto\x509\x509_err.c">
      <Filter>crypto\x509</Filter>
    </ClCompile>
    <ClCompile Include="crypto\x509\x509_ext.c">
      <Filter>crypto\x509</Filter>
    </ClCompile>
    <ClCompile Include="crypto\x509\x509_lu.c">
      <Filter>crypto\x509</Filter>
    </ClCompile>
    <ClCompile Include="crypto\x509\x509_obj.c">
      <Filter>crypto\x509</Filter>
    </ClCompile>
    <ClCompile Include="crypto\x509\x509_req.c">
      <Filter>crypto\x509</Filter>
    </ClCompile>
    <ClCompile Include="crypto\x509\x509_set.c">
      <Filter>crypto\x509</Filter>
    </ClCompile>
    <ClCompile Include="crypto\x509\x509_trs.c">
      <Filter>crypto\x509</Filter>
    </ClCompile>
    <ClCompile Include="crypto\x509\x509_v3.c">
      <Filter>crypto\x509</Filter>
    </ClCompile>
    <ClCompile Include="crypto\x509\x509_vfy.c">
      <Filter>crypto\x509</Filter>
    </ClCompile>
    <ClCompile Include="crypto\x509\x509_vpm.c">
      <Filter>crypto\x509</Filter>
    </ClCompile>
    <ClCompile Include="crypto\x509\x509name.c">
      <Filter>crypto\x509</Filter>
    </ClCompile>
    <ClCompile Include="crypto\x509\x509rset.c">
      <Filter>crypto\x509</Filter>
    </ClCompile>
    <ClCompile Include="crypto\x509\x509type.c">
      <Filter>crypto\x509</Filter>
    </ClCompile>
    <ClCompile Include="crypto\x509\x_all.c">
      <Filter>crypto\x509</Filter>
    </ClCompile>
    <ClCompile Include="crypto\ecdsa\ecs_asn1.c">
      <Filter>crypto\ecdsa</Filter>
    </ClCompile>
    <ClCompile Include="crypto\ecdsa\ecs_err.c">
      <Filter>crypto\ecdsa</Filter>
    </ClCompile>
    <ClCompile Include="crypto\ecdsa\ecs_lib.c">
      <Filter>crypto\ecdsa</Filter>
    </ClCompile>
    <ClCompile Include="crypto\ecdsa\ecs_ossl.c">
      <Filter>crypto\ecdsa</Filter>
    </ClCompile>
    <ClCompile Include="crypto\ecdsa\ecs_sign.c">
      <Filter>crypto\ecdsa</Filter>
    </ClCompile>
    <ClCompile Include="crypto\ecdsa\ecs_vrf.c">
      <Filter>crypto\ecdsa</Filter>
    </ClCompile>
    <ClCompile Include="crypto\sha\sha1_one.c">
      <Filter>crypto\sha</Filter>
    </ClCompile>
    <ClCompile Include="crypto\sha\sha1dgst.c">
      <Filter>crypto\sha</Filter>
    </ClCompile>
    <ClCompile Include="crypto\sha\sha256.c">
      <Filter>crypto\sha</Filter>
    </ClCompile>
    <ClCompile Include="crypto\sha\sha512.c">
      <Filter>crypto\sha</Filter>
    </ClCompile>
    <ClCompile Include="crypto\sha\sha_dgst.c">
      <Filter>crypto\sha</Filter>
    </ClCompile>
    <ClCompile Include="crypto\aes\aes_cbc.c">
      <Filter>crypto\aes</Filter>
    </ClCompile>
    <ClCompile Include="crypto\aes\aes_cfb.c">
      <Filter>crypto\aes</Filter>
    </ClCompile>
    <ClCompile Include="crypto\aes\aes_core.c">
      <Filter>crypto\aes</Filter>
    </ClCompile>
    <ClCompile Include="crypto\aes\aes_ecb.c">
      <Filter>crypto\aes</Filter>
    </ClCompile>
    <ClCompile Include="crypto\aes\aes_ofb.c">
      <Filter>crypto\aes</Filter>
    </ClCompile>
    <ClCompile Include="crypto\aes\aes_wrap.c">
      <Filter>crypto\aes</Filter>
    </ClCompile>
    <ClCompile Include="crypto\x509v3\pcy_cache.c">
      <Filter>crypto\x509v3</Filter>
    </ClCompile>
    <ClCompile Include="crypto\x509v3\pcy_data.c">
      <Filter>crypto\x509v3</Filter>
    </ClCompile>
    <ClCompile Include="crypto\x509v3\pcy_lib.c">
      <Filter>crypto\x509v3</Filter>
    </ClCompile>
    <ClCompile Include="crypto\x509v3\pcy_map.c">
      <Filter>crypto\x509v3</Filter>
    </ClCompile>
    <ClCompile Include="crypto\x509v3\pcy_node.c">
      <Filter>crypto\x509v3</Filter>
    </ClCompile>
    <ClCompile Include="crypto\x509v3\pcy_tree.c">
      <Filter>crypto\x509v3</Filter>
    </ClCompile>
    <ClCompile Include="crypto\x509v3\v3_akey.c">
      <Filter>crypto\x509v3</Filter>
    </ClCompile>
    <ClCompile Include="crypto\x509v3\v3_akeya.c">
      <Filter>crypto\x509v3</Filter>
    </ClCompile>
    <ClCompile Include="crypto\x509v3\v3_alt.c">
      <Filter>crypto\x509v3</Filter>
    </ClCompile>
    <ClCompile Include="crypto\x509v3\v3_bcons.c">
      <Filter>crypto\x509v3</Filter>
    </ClCompile>
    <ClCompile Include="crypto\x509v3\v3_bitst.c">
      <Filter>crypto\x509v3</Filter>
    </ClCompile>
    <ClCompile Include="crypto\x509v3\v3_conf.c">
      <Filter>crypto\x509v3</Filter>
    </ClCompile>
    <ClCompile Include="crypto\x509v3\v3_cpols.c">
      <Filter>crypto\x509v3</Filter>
    </ClCompile>
    <ClCompile Include="crypto\x509v3\v3_crld.c">
      <Filter>crypto\x509v3</Filter>
    </ClCompile>
    <ClCompile Include="crypto\x509v3\v3_enum.c">
      <Filter>crypto\x509v3</Filter>
    </ClCompile>
    <ClCompile Include="crypto\x509v3\v3_extku.c">
      <Filter>crypto\x509v3</Filter>
    </ClCompile>
    <ClCompile Include="crypto\x509v3\v3_genn.c">
      <Filter>crypto\x509v3</Filter>
    </ClCompile>
    <ClCompile Include="crypto\x509v3\v3_ia5.c">
      <Filter>crypto\x509v3</Filter>
    </ClCompile>
    <ClCompile Include="crypto\x509v3\v3_info.c">
      <Filter>crypto\x509v3</Filter>
    </ClCompile>
    <ClCompile Include="crypto\x509v3\v3_int.c">
      <Filter>crypto\x509v3</Filter>
    </ClCompile>
    <ClCompile Include="crypto\x509v3\v3_lib.c">
      <Filter>crypto\x509v3</Filter>
    </ClCompile>
    <ClCompile Include="crypto\x509v3\v3_ncons.c">
      <Filter>crypto\x509v3</Filter>
    </ClCompile>
    <ClCompile Include="crypto\x509v3\v3_ocsp.c">
      <Filter>crypto\x509v3</Filter>
    </ClCompile>
    <ClCompile Include="crypto\x509v3\v3_pci.c">
      <Filter>crypto\x509v3</Filter>
    </ClCompile>
    <ClCompile Include="crypto\x509v3\v3_pcia.c">
      <Filter>crypto\x509v3</Filter>
    </ClCompile>
    <ClCompile Include="crypto\x509v3\v3_pcons.c">
      <Filter>crypto\x509v3</Filter>
    </ClCompile>
    <ClCompile Include="crypto\x509v3\v3_pku.c">
      <Filter>crypto\x509v3</Filter>
    </ClCompile>
    <ClCompile Include="crypto\x509v3\v3_pmaps.c">
      <Filter>crypto\x509v3</Filter>
    </ClCompile>
    <ClCompile Include="crypto\x509v3\v3_prn.c">
      <Filter>crypto\x509v3</Filter>
    </ClCompile>
    <ClCompile Include="crypto\x509v3\v3_purp.c">
      <Filter>crypto\x509v3</Filter>
    </ClCompile>
    <ClCompile Include="crypto\x509v3\v3_skey.c">
      <Filter>crypto\x509v3</Filter>
    </ClCompile>
    <ClCompile Include="crypto\x509v3\v3_sxnet.c">
      <Filter>crypto\x509v3</Filter>
    </ClCompile>
    <ClCompile Include="crypto\x509v3\v3_utl.c">
      <Filter>crypto\x509v3</Filter>
    </ClCompile>
    <ClCompile Include="crypto\x509v3\v3err.c">
      <Filter>crypto\x509v3</Filter>
    </ClCompile>
    <ClCompile Include="crypto\ecdh\ech_err.c">
      <Filter>crypto\ecdh</Filter>
    </ClCompile>
    <ClCompile Include="crypto\ecdh\ech_key.c">
      <Filter>crypto\ecdh</Filter>
    </ClCompile>
    <ClCompile Include="crypto\ecdh\ech_lib.c">
      <Filter>crypto\ecdh</Filter>
    </ClCompile>
    <ClCompile Include="crypto\ecdh\ech_ossl.c">
      <Filter>crypto\ecdh</Filter>
    </ClCompile>
    <ClCompile Include="crypto\pkcs12\p12_add.c">
      <Filter>crypto\pkcs12</Filter>
    </ClCompile>
    <ClCompile Include="crypto\pkcs12\p12_asn.c">
      <Filter>crypto\pkcs12</Filter>
    </ClCompile>
    <ClCompile Include="crypto\pkcs12\p12_crpt.c">
      <Filter>crypto\pkcs12</Filter>
    </ClCompile>
    <ClCompile Include="crypto\pkcs12\p12_decr.c">
      <Filter>crypto\pkcs12</Filter>
    </ClCompile>
    <ClCompile Include="crypto\pkcs12\p12_key.c">
      <Filter>crypto\pkcs12</Filter>
    </ClCompile>
    <ClCompile Include="crypto\pkcs12\p12_p8d.c">
      <Filter>crypto\pkcs12</Filter>
    </ClCompile>
    <ClCompile Include="crypto\pkcs12\p12_p8e.c">
      <Filter>crypto\pkcs12</Filter>
    </ClCompile>
    <ClCompile Include="crypto\pkcs12\p12_utl.c">
      <Filter>crypto\pkcs12</Filter>
    </ClCompile>
    <ClCompile Include="crypto\pkcs12\pk12err.c">
      <Filter>crypto\pkcs12</Filter>
    </ClCompile>
    <ClCompile Include="crypto\conf\conf_api.c">
      <Filter>crypto\conf</Filter>
    </ClCompile>
    <ClCompile Include="crypto\conf\conf_def.c">
      <Filter>crypto\conf</Filter>
    </ClCompile>
    <ClCompile Include="crypto\conf\conf_err.c">
      <Filter>crypto\conf</Filter>
    </ClCompile>
    <ClCompile Include="crypto\conf\conf_lib.c">
      <Filter>crypto\conf</Filter>
    </ClCompile>
    <ClCompile Include="crypto\conf\conf_mod.c">
      <Filter>crypto\conf</Filter>
    </ClCompile>
    <ClCompile Include="crypto\md5\md5_dgst.c">
      <Filter>crypto\md5</Filter>
    </ClCompile>
    <ClCompile Include="crypto\dso\dso_err.c">
      <Filter>crypto\dso</Filter>
    </ClCompile>
    <ClCompile Include="crypto\dso\dso_lib.c">
      <Filter>crypto\dso</Filter>
    </ClCompile>
    <ClCompile Include="crypto\dso\dso_null.c">
      <Filter>crypto\dso</Filter>
    </ClCompile>
    <ClCompile Include="crypto\dso\dso_openssl.c">
      <Filter>crypto\dso</Filter>
    </ClCompile>
    <ClCompile Include="crypto\pem\pem_all.c">
      <Filter>crypto\pem</Filter>
    </ClCompile>
    <ClCompile Include="crypto\pem\pem_err.c">
      <Filter>crypto\pem</Filter>
    </ClCompile>
    <ClCompile Include="crypto\pem\pem_info.c">
      <Filter>crypto\pem</Filter>
    </ClCompile>
    <ClCompile Include="crypto\pem\pem_lib.c">
      <Filter>crypto\pem</Filter>
    </ClCompile>
    <ClCompile Include="crypto\pem\pem_oth.c">
      <Filter>crypto\pem</Filter>
    </ClCompile>
    <ClCompile Include="crypto\pem\pem_pk8.c">
      <Filter>crypto\pem</Filter>
    </ClCompile>
    <ClCompile Include="crypto\pem\pem_pkey.c">
      <Filter>crypto\pem</Filter>
    </ClCompile>
    <ClCompile Include="crypto\pem\pem_x509.c">
      <Filter>crypto\pem</Filter>
    </ClCompile>
    <ClCompile Include="crypto\pem\pem_xaux.c">
      <Filter>crypto\pem</Filter>
    </ClCompile>
    <ClCompile Include="crypto\ocsp\ocsp_asn.c">
      <Filter>crypto\ocsp</Filter>
    </ClCompile>
    <ClCompile Include="crypto\ocsp\ocsp_err.c">
      <Filter>crypto\ocsp</Filter>
    </ClCompile>
    <ClCompile Include="crypto\ui\ui_err.c">
      <Filter>crypto\ui</Filter>
    </ClCompile>
    <ClCompile Include="crypto\ui\ui_lib.c">
      <Filter>crypto\ui</Filter>
    </ClCompile>
    <ClCompile Include="crypto\ui\ui_openssl.c">
      <Filter>crypto\ui</Filter>
    </ClCompile>
    <ClCompile Include="crypto\comp\c_zlib.c">
      <Filter>crypto\comp</Filter>
    </ClCompile>
    <ClCompile Include="crypto\comp\comp_err.c">
      <Filter>crypto\comp</Filter>
    </ClCompile>
    <ClCompile Include="crypto\comp\comp_lib.c">
      <Filter>crypto\comp</Filter>
    </ClCompile>
    <ClCompile Include="crypto\jpake\jpake_err.c">
      <Filter>crypto\jpake</Filter>
    </ClCompile>
    <ClCompile Include="crypto\ts\ts_err.c">
      <Filter>crypto\ts</Filter>
    </ClCompile>
    <ClCompile Include="crypto\md2\md2_dgst.c">
      <Filter>crypto\md2</Filter>
    </ClCompile>
    <ClCompile Include="crypto\rc2\rc2_cbc.c">
      <Filter>crypto\rc2</Filter>
    </ClCompile>
    <ClCompile Include="crypto\rc2\rc2_ecb.c">
      <Filter>crypto\rc2</Filter>
    </ClCompile>
    <ClCompile Include="crypto\rc2\rc2_skey.c">
      <Filter>crypto\rc2</Filter>
    </ClCompile>
    <ClCompile Include="crypto\rc2\rc2cfb64.c">
      <Filter>crypto\rc2</Filter>
    </ClCompile>
    <ClCompile Include="crypto\rc2\rc2ofb64.c">
      <Filter>crypto\rc2</Filter>
    </ClCompile>
    <ClCompile Include="crypto\rc4\rc4_enc.c">
      <Filter>crypto\rc4</Filter>
    </ClCompile>
    <ClCompile Include="crypto\rc4\rc4_skey.c">
      <Filter>crypto\rc4</Filter>
    </ClCompile>
    <ClCompile Include="crypto\idea\i_cbc.c">
      <Filter>crypto\idea</Filter>
    </ClCompile>
    <ClCompile Include="crypto\idea\i_cfb64.c">
      <Filter>crypto\idea</Filter>
    </ClCompile>
    <ClCompile Include="crypto\idea\i_ecb.c">
      <Filter>crypto\idea</Filter>
    </ClCompile>
    <ClCompile Include="crypto\idea\i_ofb64.c">
      <Filter>crypto\idea</Filter>
    </ClCompile>
    <ClCompile Include="crypto\idea\i_skey.c">
      <Filter>crypto\idea</Filter>
    </ClCompile>
    <ClCompile Include="crypto\des\cfb64ede.c">
      <Filter>crypto\des</Filter>
    </ClCompile>
    <ClCompile Include="crypto\des\cfb64enc.c">
      <Filter>crypto\des</Filter>
    </ClCompile>
    <ClCompile Include="crypto\des\cfb_enc.c">
      <Filter>crypto\des</Filter>
    </ClCompile>
    <ClCompile Include="crypto\des\des_enc.c">
      <Filter>crypto\des</Filter>
    </ClCompile>
    <ClCompile Include="crypto\des\ecb3_enc.c">
      <Filter>crypto\des</Filter>
    </ClCompile>
    <ClCompile Include="crypto\des\ecb_enc.c">
      <Filter>crypto\des</Filter>
    </ClCompile>
    <ClCompile Include="crypto\des\ofb64ede.c">
      <Filter>crypto\des</Filter>
    </ClCompile>
    <ClCompile Include="crypto\des\ofb64enc.c">
      <Filter>crypto\des</Filter>
    </ClCompile>
    <ClCompile Include="crypto\des\set_key.c">
      <Filter>crypto\des</Filter>
    </ClCompile>
    <ClCompile Include="crypto\des\xcbc_enc.c">
      <Filter>crypto\des</Filter>
    </ClCompile>
    <ClCompile Include="crypto\bf\bf_cfb64.c">
      <Filter>crypto\bf</Filter>
    </ClCompile>
    <ClCompile Include="crypto\bf\bf_ecb.c">
      <Filter>crypto\bf</Filter>
    </ClCompile>
    <ClCompile Include="crypto\bf\bf_enc.c">
      <Filter>crypto\bf</Filter>
    </ClCompile>
    <ClCompile Include="crypto\bf\bf_ofb64.c">
      <Filter>crypto\bf</Filter>
    </ClCompile>
    <ClCompile Include="crypto\bf\bf_skey.c">
      <Filter>crypto\bf</Filter>
    </ClCompile>
    <ClCompile Include="crypto\cast\c_cfb64.c">
      <Filter>crypto\cast</Filter>
    </ClCompile>
    <ClCompile Include="crypto\cast\c_ecb.c">
      <Filter>crypto\cast</Filter>
    </ClCompile>
    <ClCompile Include="crypto\cast\c_enc.c">
      <Filter>crypto\cast</Filter>
    </ClCompile>
    <ClCompile Include="crypto\cast\c_ofb64.c">
      <Filter>crypto\cast</Filter>
    </ClCompile>
    <ClCompile Include="crypto\cast\c_skey.c">
      <Filter>crypto\cast</Filter>
    </ClCompile>
    <ClCompile Include="crypto\md4\md4_dgst.c">
      <Filter>crypto\md4</Filter>
    </ClCompile>
    <ClCompile Include="crypto\ripemd\rmd_dgst.c">
      <Filter>crypto\ripemd</Filter>
    </ClCompile>
    <ClCompile Include="crypto\whrlpool\wp_block.c">
      <Filter>crypto\whrlpool</Filter>
    </ClCompile>
    <ClCompile Include="crypto\whrlpool\wp_dgst.c">
      <Filter>crypto\whrlpool</Filter>
    </ClCompile>
    <ClCompile Include="crypto\modes\cbc128.c">
      <Filter>crypto\modes</Filter>
    </ClCompile>
    <ClCompile Include="crypto\modes\cfb128.c">
      <Filter>crypto\modes</Filter>
    </ClCompile>
    <ClCompile Include="crypto\modes\ofb128.c">
      <Filter>crypto\modes</Filter>
    </ClCompile>
    <ClCompile Include="ssl\s23_clnt.c">
      <Filter>ssl</Filter>
    </ClCompile>
    <ClCompile Include="ssl\s23_lib.c">
      <Filter>ssl</Filter>
    </ClCompile>
    <ClCompile Include="ssl\s23_meth.c">
      <Filter>ssl</Filter>
    </ClCompile>
    <ClCompile Include="ssl\s23_pkt.c">
      <Filter>ssl</Filter>
    </ClCompile>
    <ClCompile Include="ssl\s23_srvr.c">
      <Filter>ssl</Filter>
    </ClCompile>
    <ClCompile Include="ssl\s2_clnt.c">
      <Filter>ssl</Filter>
    </ClCompile>
    <ClCompile Include="ssl\s2_enc.c">
      <Filter>ssl</Filter>
    </ClCompile>
    <ClCompile Include="ssl\s2_lib.c">
      <Filter>ssl</Filter>
    </ClCompile>
    <ClCompile Include="ssl\s2_meth.c">
      <Filter>ssl</Filter>
    </ClCompile>
    <ClCompile Include="ssl\s2_pkt.c">
      <Filter>ssl</Filter>
    </ClCompile>
    <ClCompile Include="ssl\s2_srvr.c">
      <Filter>ssl</Filter>
    </ClCompile>
    <ClCompile Include="ssl\s3_both.c">
      <Filter>ssl</Filter>
    </ClCompile>
    <ClCompile Include="ssl\s3_clnt.c">
      <Filter>ssl</Filter>
    </ClCompile>
    <ClCompile Include="ssl\s3_enc.c">
      <Filter>ssl</Filter>
    </ClCompile>
    <ClCompile Include="ssl\s3_lib.c">
      <Filter>ssl</Filter>
    </ClCompile>
    <ClCompile Include="ssl\s3_meth.c">
      <Filter>ssl</Filter>
    </ClCompile>
    <ClCompile Include="ssl\s3_pkt.c">
      <Filter>ssl</Filter>
    </ClCompile>
    <ClCompile Include="ssl\s3_srvr.c">
      <Filter>ssl</Filter>
    </ClCompile>
    <ClCompile Include="ssl\ssl_algs.c">
      <Filter>ssl</Filter>
    </ClCompile>
    <ClCompile Include="ssl\ssl_asn1.c">
      <Filter>ssl</Filter>
    </ClCompile>
    <ClCompile Include="ssl\ssl_cert.c">
      <Filter>ssl</Filter>
    </ClCompile>
    <ClCompile Include="ssl\ssl_ciph.c">
      <Filter>ssl</Filter>
    </ClCompile>
    <ClCompile Include="ssl\ssl_err.c">
      <Filter>ssl</Filter>
    </ClCompile>
    <ClCompile Include="ssl\ssl_err2.c">
      <Filter>ssl</Filter>
    </ClCompile>
    <ClCompile Include="ssl\ssl_lib.c">
      <Filter>ssl</Filter>
    </ClCompile>
    <ClCompile Include="ssl\ssl_rsa.c">
      <Filter>ssl</Filter>
    </ClCompile>
    <ClCompile Include="ssl\ssl_sess.c">
      <Filter>ssl</Filter>
    </ClCompile>
    <ClCompile Include="ssl\t1_clnt.c">
      <Filter>ssl</Filter>
    </ClCompile>
    <ClCompile Include="ssl\t1_enc.c">
      <Filter>ssl</Filter>
    </ClCompile>
    <ClCompile Include="ssl\t1_lib.c">
      <Filter>ssl</Filter>
    </ClCompile>
    <ClCompile Include="ssl\t1_meth.c">
      <Filter>ssl</Filter>
    </ClCompile>
    <ClCompile Include="ssl\t1_srvr.c">
      <Filter>ssl</Filter>
    </ClCompile>
    <ClCompile Include="engines\e_4758cca.c">
      <Filter>engines</Filter>
    </ClCompile>
    <ClCompile Include="engines\e_aep.c">
      <Filter>engines</Filter>
    </ClCompile>
    <ClCompile Include="engines\e_atalla.c">
      <Filter>engines</Filter>
    </ClCompile>
    <ClCompile Include="engines\e_capi.c">
      <Filter>engines</Filter>
    </ClCompile>
    <ClCompile Include="engines\e_chil.c">
      <Filter>engines</Filter>
    </ClCompile>
    <ClCompile Include="engines\e_cswift.c">
      <Filter>engines</Filter>
    </ClCompile>
    <ClCompile Include="engines\e_nuron.c">
      <Filter>engines</Filter>
    </ClCompile>
    <ClCompile Include="engines\e_padlock.c">
      <Filter>engines</Filter>
    </ClCompile>
    <ClCompile Include="engines\e_sureware.c">
      <Filter>engines</Filter>
    </ClCompile>
    <ClCompile Include="engines\e_ubsec.c">
      <Filter>engines</Filter>
    </ClCompile>
    <ClCompile Include="engines\ccgost\e_gost_err.c">
      <Filter>engines\ccgost</Filter>
    </ClCompile>
    <ClCompile Include="engines\ccgost\gost2001.c">
      <Filter>engines\ccgost</Filter>
    </ClCompile>
    <ClCompile Include="engines\ccgost\gost2001_keyx.c">
      <Filter>engines\ccgost</Filter>
    </ClCompile>
    <ClCompile Include="engines\ccgost\gost89.c">
      <Filter>engines\ccgost</Filter>
    </ClCompile>
    <ClCompile Include="engines\ccgost\gost94_keyx.c">
      <Filter>engines\ccgost</Filter>
    </ClCompile>
    <ClCompile Include="engines\ccgost\gost_ameth.c">
      <Filter>engines\ccgost</Filter>
    </ClCompile>
    <ClCompile Include="engines\ccgost\gost_asn1.c">
      <Filter>engines\ccgost</Filter>
    </ClCompile>
    <ClCompile Include="engines\ccgost\gost_crypt.c">
      <Filter>engines\ccgost</Filter>
    </ClCompile>
    <ClCompile Include="engines\ccgost\gost_ctl.c">
      <Filter>engines\ccgost</Filter>
    </ClCompile>
    <ClCompile Include="engines\ccgost\gost_eng.c">
      <Filter>engines\ccgost</Filter>
    </ClCompile>
    <ClCompile Include="engines\ccgost\gost_keywrap.c">
      <Filter>engines\ccgost</Filter>
    </ClCompile>
    <ClCompile Include="engines\ccgost\gost_md.c">
      <Filter>engines\ccgost</Filter>
    </ClCompile>
    <ClCompile Include="engines\ccgost\gost_params.c">
      <Filter>engines\ccgost</Filter>
    </ClCompile>
    <ClCompile Include="engines\ccgost\gost_pmeth.c">
      <Filter>engines\ccgost</Filter>
    </ClCompile>
    <ClCompile Include="engines\ccgost\gost_sign.c">
      <Filter>engines\ccgost</Filter>
    </ClCompile>
    <ClCompile Include="engines\ccgost\gosthash.c">
      <Filter>engines\ccgost</Filter>
    </ClCompile>
    <ClCompile Include="openssl-pch.c" />
    <ClCompile Include="crypto\seed\seed_cfb.c">
      <Filter>crypto\seed</Filter>
    </ClCompile>
    <ClCompile Include="crypto\seed\seed.c">
      <Filter>crypto\seed</Filter>
    </ClCompile>
    <ClCompile Include="crypto\seed\seed_cbc.c">
      <Filter>crypto\seed</Filter>
    </ClCompile>
    <ClCompile Include="ssl\t1_reneg.c">
      <Filter>ssl</Filter>
    </ClCompile>
    <ClCompile Include="crypto\evp\m_mdc2.c">
      <Filter>crypto\evp</Filter>
    </ClCompile>
    <ClCompile Include="crypto\rsa\rsa_saos.c">
      <Filter>crypto\rsa</Filter>
    </ClCompile>
    <ClCompile Include="crypto\mdc2\mdc2_one.c">
      <Filter>crypto\mdc2</Filter>
    </ClCompile>
    <ClCompile Include="crypto\mdc2\mdc2dgst.c">
      <Filter>crypto\mdc2</Filter>
    </ClCompile>
    <ClCompile Include="crypto\cversion.c">
      <Filter>crypto</Filter>
    </ClCompile>
    <ClCompile Include="crypto\ripemd\rmd_one.c">
      <Filter>crypto\ripemd</Filter>
    </ClCompile>
    <ClCompile Include="crypto\bn\bn_mpi.c">
      <Filter>crypto\bn</Filter>
    </ClCompile>
    <ClCompile Include="crypto\asn1\d2i_pu.c">
      <Filter>crypto\asn1</Filter>
    </ClCompile>
    <ClCompile Include="crypto\asn1\i2d_pu.c">
      <Filter>crypto\asn1</Filter>
    </ClCompile>
    <ClCompile Include="crypto\aes\aes_ctr.c">
      <Filter>crypto\aes</Filter>
    </ClCompile>
    <ClCompile Include="crypto\modes\ctr128.c">
      <Filter>crypto\modes</Filter>
    </ClCompile>
    <ClCompile Include="crypto\dh\dh_depr.c">
      <Filter>crypto\dh</Filter>
    </ClCompile>
    <ClCompile Include="ssl\ssl_stat.c">
      <Filter>ssl</Filter>
    </ClCompile>
    <ClCompile Include="openssl-patches.cpp" />
    <ClCompile Include="crypto\rsa\rsa_crpt.c">
      <Filter>crypto\rsa</Filter>
    </ClCompile>
    <ClCompile Include="crypto\ec\ec_oct.c">
      <Filter>crypto\ec</Filter>
    </ClCompile>
    <ClCompile Include="crypto\ec\ec2_oct.c">
      <Filter>crypto\ec</Filter>
    </ClCompile>
    <ClCompile Include="crypto\cmac\cm_ameth.c">
      <Filter>crypto\cmac</Filter>
    </ClCompile>
    <ClCompile Include="crypto\cmac\cmac.c">
      <Filter>crypto\cmac</Filter>
    </ClCompile>
    <ClCompile Include="crypto\ec\ecp_oct.c">
      <Filter>crypto\ec</Filter>
    </ClCompile>
    <ClCompile Include="crypto\modes\gcm128.c">
      <Filter>crypto\modes</Filter>
    </ClCompile>
    <ClCompile Include="crypto\modes\ccm128.c">
      <Filter>crypto\modes</Filter>
    </ClCompile>
    <ClCompile Include="crypto\modes\xts128.c">
      <Filter>crypto\modes</Filter>
    </ClCompile>
    <ClCompile Include="crypto\o_init.c">
      <Filter>crypto</Filter>
    </ClCompile>
    <ClCompile Include="crypto\cmac\cm_pmeth.c">
      <Filter>crypto\cmac</Filter>
    </ClCompile>
    <ClCompile Include="crypto\evp\e_rc4_hmac_md5.c">
      <Filter>crypto\evp</Filter>
    </ClCompile>
    <ClCompile Include="crypto\evp\e_aes_cbc_hmac_sha1.c">
      <Filter>crypto\evp</Filter>
    </ClCompile>
  </ItemGroup>
  <ItemGroup>
    <None Include="openssl.def" />
  </ItemGroup>
  <ItemGroup>
    <ClInclude Include="openssl-config.h" />
    <ClInclude Include="resource.h" />
  </ItemGroup>
  <ItemGroup>
    <ResourceCompile Include="openssl.rc">
      <Filter>Resources</Filter>
    </ResourceCompile>
  </ItemGroup>
  <ItemGroup>
    <MASM Include="crypto\bn\asm\x86-mont.asm">
      <Filter>crypto\bn\asm</Filter>
    </MASM>
  </ItemGroup>
</Project>