<?xml version="1.0" encoding="utf-8"?>
<Project ToolsVersion="4.0" xmlns="http://schemas.microsoft.com/developer/msbuild/2003">
  <ItemGroup>
    <Filter Include="Source Files">
      <UniqueIdentifier>{4FC737F1-C7A5-4376-A066-2A32D752A2FF}</UniqueIdentifier>
      <Extensions>cpp;c;cc;cxx;def;odl;idl;hpj;bat;asm;asmx</Extensions>
    </Filter>
    <Filter Include="Header Files">
      <UniqueIdentifier>{93995380-89BD-4b04-88EB-625FBE52EBFB}</UniqueIdentifier>
      <Extensions>h;hpp;hxx;hm;inl;inc;xsd</Extensions>
    </Filter>
    <Filter Include="Resource Files">
      <UniqueIdentifier>{67DA6AB6-F800-4c08-8B7A-83BB121AAD01}</UniqueIdentifier>
      <Extensions>rc;ico;cur;bmp;dlg;rc2;rct;bin;rgs;gif;jpg;jpeg;jpe;resx;tiff;tif;png;wav;mfcribbon-ms</Extensions>
    </Filter>
    <Filter Include="comp">
      <UniqueIdentifier>{ebfa1da2-1203-4121-a20c-40a976b3bf3a}</UniqueIdentifier>
    </Filter>
    <Filter Include="comp\h">
      <UniqueIdentifier>{cd20eeff-2a07-43c4-a0cb-f17b3c72d610}</UniqueIdentifier>
    </Filter>
    <Filter Include="comp\crypto">
      <UniqueIdentifier>{02931251-a8c0-4d06-bd1b-8bd69ba95d11}</UniqueIdentifier>
    </Filter>
    <Filter Include="comp\num">
      <UniqueIdentifier>{7cbbe4d5-0a78-4bdc-97a0-00fef5947fe1}</UniqueIdentifier>
    </Filter>
    <Filter Include="comp\db">
      <UniqueIdentifier>{7b5115a6-e4af-4d01-92f2-95839edb2d0b}</UniqueIdentifier>
    </Filter>
    <Filter Include="comp\xml">
      <UniqueIdentifier>{42bd6f2c-064b-4479-b13f-127465310d56}</UniqueIdentifier>
    </Filter>
    <Filter Include="Source Files\COM">
      <UniqueIdentifier>{63ce99f8-bb76-466e-a0d4-fd9191cfa889}</UniqueIdentifier>
    </Filter>
    <Filter Include="Source Files\Obsolete">
      <UniqueIdentifier>{c579b343-1fce-41e2-a018-08a00454d333}</UniqueIdentifier>
    </Filter>
    <Filter Include="Source Files\Obsolete\backend-sqlite">
      <UniqueIdentifier>{56311435-2adf-4160-b7b4-d85dae621222}</UniqueIdentifier>
    </Filter>
    <Filter Include="currency">
      <UniqueIdentifier>{cf19bb68-daac-4abc-8f7c-c49c4d079944}</UniqueIdentifier>
    </Filter>
  </ItemGroup>
  <ItemGroup>
    <ClCompile Include="coineng.cpp">
      <Filter>Source Files</Filter>
    </ClCompile>
    <ClCompile Include="..\..\el\comp\stdafx.cpp">
      <Filter>comp</Filter>
    </ClCompile>
    <ClCompile Include="coin-model.cpp">
      <Filter>Source Files</Filter>
    </ClCompile>
    <ClCompile Include="script.cpp">
      <Filter>Source Files</Filter>
    </ClCompile>
    <ClCompile Include="wallet.cpp">
      <Filter>Source Files</Filter>
    </ClCompile>
    <ClCompile Include="protocol.cpp">
      <Filter>Source Files</Filter>
    </ClCompile>
    <ClCompile Include="generate.cpp">
      <Filter>Source Files</Filter>
    </ClCompile>
    <ClCompile Include="block.cpp">
      <Filter>Source Files</Filter>
    </ClCompile>
    <ClCompile Include="tx.cpp">
      <Filter>Source Files</Filter>
    </ClCompile>
    <ClCompile Include="coindb.cpp">
      <Filter>Source Files</Filter>
    </ClCompile>
    <ClCompile Include="crypter.cpp">
      <Filter>Source Files</Filter>
    </ClCompile>
    <ClCompile Include="import-export.cpp">
      <Filter>Source Files</Filter>
    </ClCompile>
    <ClCompile Include="..\..\el\crypto\ecdsa.cpp">
      <Filter>comp\crypto</Filter>
    </ClCompile>
    <ClCompile Include="..\..\el\num\mod.cpp">
      <Filter>comp\num</Filter>
    </ClCompile>
    <ClCompile Include="..\..\el\num\num.cpp">
      <Filter>comp\num</Filter>
    </ClCompile>
    <ClCompile Include="..\..\el\db\bdb.cpp">
      <Filter>comp\db</Filter>
    </ClCompile>
    <ClCompile Include="..\..\el\db\bdb-reader.cpp">
      <Filter>comp\db</Filter>
    </ClCompile>
    <ClCompile Include="..\..\el\db\ext-sqlite.cpp">
      <Filter>comp\db</Filter>
    </ClCompile>
    <ClCompile Include="import-export-bdb.cpp">
      <Filter>Source Files</Filter>
    </ClCompile>
    <ClCompile Include="backend-dblite.cpp">
      <Filter>Source Files</Filter>
    </ClCompile>
    <ClCompile Include="..\..\el\crypto\merkle-tree.cpp">
      <Filter>comp\crypto</Filter>
    </ClCompile>
    <ClCompile Include="..\..\el\crypto\bloom-filter.cpp">
      <Filter>comp\crypto</Filter>
    </ClCompile>
    <ClCompile Include="..\..\el\comp\json-writer.cpp">
      <Filter>comp</Filter>
    </ClCompile>
    <ClCompile Include="rpc.cpp">
      <Filter>Source Files</Filter>
    </ClCompile>
    <ClCompile Include="..\..\el\xml\xml-dom.cpp">
      <Filter>comp\xml</Filter>
    </ClCompile>
    <ClCompile Include="..\..\el\xml\xml-node-reader.cpp">
      <Filter>comp\xml</Filter>
    </ClCompile>
    <ClCompile Include="..\..\el\xml\xml-writer.cpp">
      <Filter>comp\xml</Filter>
    </ClCompile>
    <ClCompile Include="..\..\el\xml\xml-reader.cpp">
      <Filter>comp\xml</Filter>
    </ClCompile>
    <ClCompile Include="mempool.cpp">
      <Filter>Source Files</Filter>
    </ClCompile>
    <ClCompile Include="..\..\el\crypto\ext-openssl.cpp">
      <Filter>comp\crypto</Filter>
    </ClCompile>
    <ClCompile Include="backend-sqlite.cpp">
      <Filter>Source Files\Obsolete\backend-sqlite</Filter>
    </ClCompile>
    <ClCompile Include="bootstrap.cpp">
      <Filter>Source Files</Filter>
    </ClCompile>
    <ClCompile Include="reorganize.cpp">
      <Filter>Source Files</Filter>
    </ClCompile>
    <ClCompile Include="buggy-aes.cpp">
      <Filter>Source Files</Filter>
    </ClCompile>
    <ClCompile Include="..\..\el\elwin\dllmodul.cpp">
      <Filter>comp</Filter>
    </ClCompile>
    <ClCompile Include="download-blockchain.cpp">
      <Filter>Source Files</Filter>
    </ClCompile>
    <ClCompile Include="coin-com.cpp">
      <Filter>Source Files\COM</Filter>
    </ClCompile>
    <ClCompile Include="irc.cpp">
      <Filter>Source Files\Obsolete</Filter>
    </ClCompile>
    <ClCompile Include="sign.cpp">
      <Filter>Source Files</Filter>
    </ClCompile>
    <ClCompile Include="net.cpp">
      <Filter>Source Files</Filter>
    </ClCompile>
    <ClCompile Include="coinconf.cpp">
      <Filter>Source Files</Filter>
    </ClCompile>
    <ClCompile Include="backend-normal.cpp">
      <Filter>Source Files</Filter>
    </ClCompile>
    <ClCompile Include="..\..\el\win\secdesc.cpp">
      <Filter>comp</Filter>
    </ClCompile>
    <ClCompile Include="prune.cpp">
      <Filter>Source Files</Filter>
    </ClCompile>
    <ClCompile Include="blocktree.cpp">
      <Filter>Source Files</Filter>
    </ClCompile>
    <ClCompile Include="blockchain-detector.cpp">
      <Filter>Source Files</Filter>
    </ClCompile>
    <ClCompile Include="currency\bitcoin-cash.cpp">
      <Filter>currency</Filter>
    </ClCompile>
    <ClCompile Include="currency\bitcoin.cpp">
      <Filter>currency</Filter>
    </ClCompile>
    <ClCompile Include="currency\devcoin.cpp">
      <Filter>currency</Filter>
    </ClCompile>
    <ClCompile Include="currency\dogecoin.cpp">
      <Filter>currency</Filter>
    </ClCompile>
    <ClCompile Include="currency\earthcoin.cpp">
      <Filter>currency</Filter>
    </ClCompile>
    <ClCompile Include="currency\feathercoin.cpp">
      <Filter>currency</Filter>
    </ClCompile>
    <ClCompile Include="currency\groestlcoin.cpp">
      <Filter>currency</Filter>
    </ClCompile>
    <ClCompile Include="currency\ixcoin.cpp">
      <Filter>currency</Filter>
    </ClCompile>
    <ClCompile Include="currency\litecoin.cpp">
      <Filter>currency</Filter>
    </ClCompile>
    <ClCompile Include="currency\metiscoin.cpp">
      <Filter>currency</Filter>
    </ClCompile>
    <ClCompile Include="currency\namecoin.cpp">
      <Filter>currency</Filter>
    </ClCompile>
    <ClCompile Include="currency\novacoin.cpp">
      <Filter>currency</Filter>
    </ClCompile>
    <ClCompile Include="currency\ppcoin.cpp">
      <Filter>currency</Filter>
    </ClCompile>
    <ClCompile Include="currency\primecoin.cpp">
      <Filter>currency</Filter>
    </ClCompile>
    <ClCompile Include="proof-of-stake.cpp">
      <Filter>currency</Filter>
    </ClCompile>
    <ClCompile Include="currency\protoshares.cpp">
      <Filter>currency</Filter>
    </ClCompile>
    <ClCompile Include="currency\terracoin.cpp">
      <Filter>currency</Filter>
    </ClCompile>
    <ClCompile Include="currency\maxcoin.cpp">
      <Filter>currency</Filter>
    </ClCompile>
  </ItemGroup>
  <ItemGroup>
    <ClInclude Include="resource.h">
      <Filter>Resource Files</Filter>
    </ClInclude>
    <ClInclude Include="coin-model.h">
      <Filter>Header Files</Filter>
    </ClInclude>
    <ClInclude Include="..\..\el\crypto\ecdsa.h">
      <Filter>comp\h</Filter>
    </ClInclude>
    <ClInclude Include="script.h">
      <Filter>Header Files</Filter>
    </ClInclude>
    <ClInclude Include="wallet.h">
      <Filter>Header Files</Filter>
    </ClInclude>
    <ClInclude Include="eng.h">
      <Filter>Header Files</Filter>
    </ClInclude>
    <ClInclude Include="coin-protocol.h">
      <Filter>Header Files</Filter>
    </ClInclude>
    <ClInclude Include="param.h">
      <Filter>Header Files</Filter>
    </ClInclude>
    <ClInclude Include="irc.h">
      <Filter>Header Files</Filter>
    </ClInclude>
    <ClInclude Include="crypter.h">
      <Filter>Header Files</Filter>
    </ClInclude>
    <ClInclude Include="..\..\el\db\ext-sqlite.h">
      <Filter>comp\h</Filter>
    </ClInclude>
    <ClInclude Include="..\util\util.h">
      <Filter>Header Files</Filter>
    </ClInclude>
    <ClInclude Include="..\..\el\num\mod.h">
      <Filter>comp\num</Filter>
    </ClInclude>
    <ClInclude Include="..\..\el\num\num.h">
      <Filter>comp\num</Filter>
    </ClInclude>
    <ClInclude Include="file_config.h">
      <Filter>Header Files</Filter>
    </ClInclude>
    <ClInclude Include="proof-of-stake.h">
      <Filter>Header Files</Filter>
    </ClInclude>
    <ClInclude Include="..\..\el\crypto\hash.h">
      <Filter>comp\h</Filter>
    </ClInclude>
    <ClInclude Include="..\..\el\crypto\bloom-filter.h">
      <Filter>comp\h</Filter>
    </ClInclude>
    <ClInclude Include="coin-rpc.h">
      <Filter>Header Files</Filter>
    </ClInclude>
    <ClInclude Include="currency\namecoin.h">
      <Filter>Header Files</Filter>
    </ClInclude>
    <ClInclude Include="backend-dblite.h">
      <Filter>Header Files</Filter>
    </ClInclude>
    <ClInclude Include="backend-sqlite.h">
      <Filter>Source Files\Obsolete\backend-sqlite</Filter>
    </ClInclude>
    <ClInclude Include="buggy-aes.h">
      <Filter>Header Files</Filter>
    </ClInclude>
    <ClInclude Include="consensus.h">
      <Filter>Header Files</Filter>
    </ClInclude>
  </ItemGroup>
  <ItemGroup>
    <ResourceCompile Include="coineng.rc">
      <Filter>Resource Files</Filter>
    </ResourceCompile>
  </ItemGroup>
  <ItemGroup>
    <None Include="coineng.def">
      <Filter>Resource Files</Filter>
    </None>
    <None Include="coineng-64.def">
      <Filter>Resource Files</Filter>
    </None>
  </ItemGroup>
  <ItemGroup>
    <Xml Include="coin-chains.xml" />
  </ItemGroup>
  <ItemGroup>
    <Midl Include="coin-com.idl">
      <Filter>Source Files\COM</Filter>
    </Midl>
  </ItemGroup>
</Project>