<?xml version="1.0" encoding="utf-8"?>
<Project ToolsVersion="4.0" xmlns="http://schemas.microsoft.com/developer/msbuild/2003">
  <ItemGroup>
    <Filter Include="Resources">
      <UniqueIdentifier>{dc469f2d-251e-49eb-8030-0a555e2eb5ad}</UniqueIdentifier>
    </Filter>
    <Filter Include="Header Files">
      <UniqueIdentifier>{2f83e6b0-7d01-485c-8465-75796626e5b9}</UniqueIdentifier>
    </Filter>
    <Filter Include="Source Files">
      <UniqueIdentifier>{bf562845-21a0-4e3d-bcf9-b9fb3cd2c778}</UniqueIdentifier>
    </Filter>
    <Filter Include="comp">
      <UniqueIdentifier>{97cfe1e3-9955-49a7-aa92-39c513ee879d}</UniqueIdentifier>
    </Filter>
    <Filter Include="Source Files\asm">
      <UniqueIdentifier>{5a003bed-17de-4c3b-ba65-fce7a84d823f}</UniqueIdentifier>
    </Filter>
    <Filter Include="Header Files\secp256k1">
      <UniqueIdentifier>{57d96ba9-0ef0-46d6-95fa-7084863be751}</UniqueIdentifier>
    </Filter>
    <Filter Include="shplib">
      <UniqueIdentifier>{3b2a2cad-79cc-48d4-a9f5-a95916232ff3}</UniqueIdentifier>
    </Filter>
    <Filter Include="shplib\H">
      <UniqueIdentifier>{5ff9b623-fddb-4199-98eb-649e09031c61}</UniqueIdentifier>
    </Filter>
    <Filter Include="secp256k1">
      <UniqueIdentifier>{5cce225a-9776-47a2-9d6d-e54c2558ebff}</UniqueIdentifier>
    </Filter>
    <Filter Include="secp256k1\x64">
      <UniqueIdentifier>{c89455b7-a709-4d6f-b9c3-9e1c91d48c44}</UniqueIdentifier>
    </Filter>
    <Filter Include="Source Files\asm_x64">
      <UniqueIdentifier>{47c5fa13-d2d6-4ad1-b6fb-333565350fc9}</UniqueIdentifier>
    </Filter>
  </ItemGroup>
  <ItemGroup>
    <ClInclude Include="file_config.h">
      <Filter>Header Files</Filter>
    </ClInclude>
    <ClInclude Include="cryp-config.h">
      <Filter>Header Files</Filter>
    </ClInclude>
    <ClInclude Include="secp256k1.h">
      <Filter>Header Files</Filter>
    </ClInclude>
    <ClInclude Include="..\..\el\crypto\cipher.h">
      <Filter>Header Files</Filter>
    </ClInclude>
    <ClInclude Include="..\..\el\crypto\util.h">
      <Filter>Header Files</Filter>
    </ClInclude>
    <ClInclude Include="..\..\el\crypto\hash.h">
      <Filter>Header Files</Filter>
    </ClInclude>
    <ClInclude Include="..\..\..\FOREIGN\secp256k1\ecdsa.h">
      <Filter>Header Files\secp256k1</Filter>
    </ClInclude>
    <ClInclude Include="..\..\..\FOREIGN\secp256k1\ecdsa_impl.h">
      <Filter>Header Files\secp256k1</Filter>
    </ClInclude>
    <ClInclude Include="..\..\..\FOREIGN\secp256k1\eckey.h">
      <Filter>Header Files\secp256k1</Filter>
    </ClInclude>
    <ClInclude Include="..\..\..\FOREIGN\secp256k1\eckey_impl.h">
      <Filter>Header Files\secp256k1</Filter>
    </ClInclude>
    <ClInclude Include="..\..\..\FOREIGN\secp256k1\ecmult.h">
      <Filter>Header Files\secp256k1</Filter>
    </ClInclude>
    <ClInclude Include="..\..\..\FOREIGN\secp256k1\ecmult_gen.h">
      <Filter>Header Files\secp256k1</Filter>
    </ClInclude>
    <ClInclude Include="..\..\..\FOREIGN\secp256k1\ecmult_gen_impl.h">
      <Filter>Header Files\secp256k1</Filter>
    </ClInclude>
    <ClInclude Include="..\..\..\FOREIGN\secp256k1\ecmult_impl.h">
      <Filter>Header Files\secp256k1</Filter>
    </ClInclude>
    <ClInclude Include="..\..\..\FOREIGN\secp256k1\field.h">
      <Filter>Header Files\secp256k1</Filter>
    </ClInclude>
    <ClInclude Include="..\..\..\FOREIGN\secp256k1\field_5x52.h">
      <Filter>Header Files\secp256k1</Filter>
    </ClInclude>
    <ClInclude Include="..\..\..\FOREIGN\secp256k1\field_5x52_impl.h">
      <Filter>Header Files\secp256k1</Filter>
    </ClInclude>
    <ClInclude Include="..\..\..\FOREIGN\secp256k1\field_5x52_int128_impl.h">
      <Filter>Header Files\secp256k1</Filter>
    </ClInclude>
    <ClInclude Include="..\..\..\FOREIGN\secp256k1\field_10x26.h">
      <Filter>Header Files\secp256k1</Filter>
    </ClInclude>
    <ClInclude Include="..\..\..\FOREIGN\secp256k1\field_10x26_impl.h">
      <Filter>Header Files\secp256k1</Filter>
    </ClInclude>
    <ClInclude Include="..\..\..\FOREIGN\secp256k1\field_gmp.h">
      <Filter>Header Files\secp256k1</Filter>
    </ClInclude>
    <ClInclude Include="..\..\..\FOREIGN\secp256k1\field_gmp_impl.h">
      <Filter>Header Files\secp256k1</Filter>
    </ClInclude>
    <ClInclude Include="..\..\..\FOREIGN\secp256k1\field_impl.h">
      <Filter>Header Files\secp256k1</Filter>
    </ClInclude>
    <ClInclude Include="..\..\..\FOREIGN\secp256k1\group.h">
      <Filter>Header Files\secp256k1</Filter>
    </ClInclude>
    <ClInclude Include="..\..\..\FOREIGN\secp256k1\group_impl.h">
      <Filter>Header Files\secp256k1</Filter>
    </ClInclude>
    <ClInclude Include="..\..\..\FOREIGN\secp256k1\hash.h">
      <Filter>Header Files\secp256k1</Filter>
    </ClInclude>
    <ClInclude Include="..\..\..\FOREIGN\secp256k1\hash_impl.h">
      <Filter>Header Files\secp256k1</Filter>
    </ClInclude>
    <ClInclude Include="..\..\..\FOREIGN\secp256k1\libsecp256k1-config.h">
      <Filter>Header Files\secp256k1</Filter>
    </ClInclude>
    <ClInclude Include="..\..\..\FOREIGN\secp256k1\num.h">
      <Filter>Header Files\secp256k1</Filter>
    </ClInclude>
    <ClInclude Include="..\..\..\FOREIGN\secp256k1\num_gmp.h">
      <Filter>Header Files\secp256k1</Filter>
    </ClInclude>
    <ClInclude Include="..\..\..\FOREIGN\secp256k1\num_gmp_impl.h">
      <Filter>Header Files\secp256k1</Filter>
    </ClInclude>
    <ClInclude Include="..\..\..\FOREIGN\secp256k1\num_impl.h">
      <Filter>Header Files\secp256k1</Filter>
    </ClInclude>
    <ClInclude Include="..\..\..\FOREIGN\secp256k1\num_openssl_impl.h">
      <Filter>Header Files\secp256k1</Filter>
    </ClInclude>
    <ClInclude Include="..\..\..\FOREIGN\secp256k1\scalar.h">
      <Filter>Header Files\secp256k1</Filter>
    </ClInclude>
    <ClInclude Include="..\..\..\FOREIGN\secp256k1\scalar_4x64.h">
      <Filter>Header Files\secp256k1</Filter>
    </ClInclude>
    <ClInclude Include="..\..\..\FOREIGN\secp256k1\scalar_8x32.h">
      <Filter>Header Files\secp256k1</Filter>
    </ClInclude>
    <ClInclude Include="..\..\..\FOREIGN\secp256k1\scalar_8x32_impl.h">
      <Filter>Header Files\secp256k1</Filter>
    </ClInclude>
    <ClInclude Include="..\..\..\FOREIGN\secp256k1\scalar_impl.h">
      <Filter>Header Files\secp256k1</Filter>
    </ClInclude>
    <ClInclude Include="..\..\..\FOREIGN\secp256k1\secp256k1.h">
      <Filter>Header Files\secp256k1</Filter>
    </ClInclude>
    <ClInclude Include="..\..\..\FOREIGN\secp256k1\util.h">
      <Filter>Header Files\secp256k1</Filter>
    </ClInclude>
    <ClInclude Include="..\..\..\FOREIGN\groestl\groestl-config.h">
      <Filter>shplib\H</Filter>
    </ClInclude>
    <ClInclude Include="..\..\..\FOREIGN\sphlib\sph_groestl.h">
      <Filter>shplib\H</Filter>
    </ClInclude>
    <ClInclude Include="..\..\..\FOREIGN\sphlib\sph_keccak.h">
      <Filter>shplib\H</Filter>
    </ClInclude>
    <ClInclude Include="..\..\..\FOREIGN\sphlib\sph_shavite.h">
      <Filter>shplib\H</Filter>
    </ClInclude>
    <ClInclude Include="..\..\..\FOREIGN\groestl\sph_types.h">
      <Filter>shplib\H</Filter>
    </ClInclude>
    <ClInclude Include="..\..\el\crypto\aes-imp.h">
      <Filter>Header Files</Filter>
    </ClInclude>
    <ClInclude Include="..\..\el\comp\byte-permutation.h">
      <Filter>comp</Filter>
    </ClInclude>
  </ItemGroup>
  <ItemGroup>
    <ClCompile Include="..\..\..\FOREIGN\secp256k1\secp256k1.c">
      <Filter>secp256k1</Filter>
    </ClCompile>
    <ClCompile Include="..\..\el\comp\stdafx.cpp">
      <Filter>comp</Filter>
    </ClCompile>
    <ClCompile Include="secp256k1-envelop.cpp">
      <Filter>Source Files</Filter>
    </ClCompile>
    <ClCompile Include="..\..\el\crypto\sha512.cpp">
      <Filter>Source Files</Filter>
    </ClCompile>
    <ClCompile Include="..\..\el\crypto\blake.cpp">
      <Filter>Source Files</Filter>
    </ClCompile>
    <ClCompile Include="..\..\el\crypto\sha256.cpp">
      <Filter>Source Files</Filter>
    </ClCompile>
    <ClCompile Include="..\..\el\crypto\scrypt.cpp">
      <Filter>Source Files</Filter>
    </ClCompile>
    <ClCompile Include="..\..\el\crypto\salsa20.cpp">
      <Filter>Source Files</Filter>
    </ClCompile>
    <ClCompile Include="..\..\el\crypto\neoscrypt.cpp">
      <Filter>Source Files</Filter>
    </ClCompile>
    <ClCompile Include="..\..\el\crypto\sha-1.cpp">
      <Filter>Source Files</Filter>
    </ClCompile>
    <ClCompile Include="..\..\el\crypto\aes.cpp">
      <Filter>Source Files</Filter>
    </ClCompile>
    <ClCompile Include="..\..\el\crypto\ripemd.cpp">
      <Filter>Source Files</Filter>
    </ClCompile>
    <ClCompile Include="..\..\el\crypto\groestl-hash.cpp">
      <Filter>Source Files</Filter>
    </ClCompile>
    <ClCompile Include="..\..\..\FOREIGN\sphlib\groestl.c">
      <Filter>shplib</Filter>
    </ClCompile>
    <ClCompile Include="..\..\..\FOREIGN\sphlib\keccak.c">
      <Filter>shplib</Filter>
    </ClCompile>
    <ClCompile Include="..\..\..\FOREIGN\sphlib\shavite.c">
      <Filter>shplib</Filter>
    </ClCompile>
    <ClCompile Include="..\..\el\crypto\pbkdf.cpp">
      <Filter>Source Files</Filter>
    </ClCompile>
    <ClCompile Include="..\..\el\crypto\cipher.cpp">
      <Filter>Source Files</Filter>
    </ClCompile>
    <ClCompile Include="..\..\el\comp\byte-permutation.cpp">
      <Filter>comp</Filter>
    </ClCompile>
    <ClCompile Include="..\..\el\crypto\siphash.cpp">
      <Filter>Source Files</Filter>
    </ClCompile>
    <ClCompile Include="..\..\el\crypto\ext-openssl.cpp">
      <Filter>Source Files</Filter>
    </ClCompile>
  </ItemGroup>
  <ItemGroup>
    <None Include="cryp-64.def">
      <Filter>Resources</Filter>
    </None>
    <None Include="cryp-86.def">
      <Filter>Resources</Filter>
    </None>
  </ItemGroup>
  <ItemGroup>
    <ResourceCompile Include="cryp.rc">
      <Filter>Resources</Filter>
    </ResourceCompile>
  </ItemGroup>
  <ItemGroup>
    <MASM Include="..\..\el\crypto\x86x64\sha256_x86x64.asm">
      <Filter>Source Files\asm</Filter>
    </MASM>
    <MASM Include="..\..\el\crypto\x86x64\blake_x86x64.asm">
      <Filter>Source Files\asm</Filter>
    </MASM>
    <MASM Include="..\..\el\crypto\x86x64\scrypt_x86x64.asm">
      <Filter>Source Files\asm</Filter>
    </MASM>
    <MASM Include="..\..\el\crypto\x86x64\groestl_x86x64.asm">
      <Filter>Source Files\asm</Filter>
    </MASM>
    <MASM Include="..\..\el\crypto\x86x64\salsa20_x86x64.asm">
      <Filter>Source Files\asm</Filter>
    </MASM>
    <MASM Include="x64\field_4x64_x64.asm">
      <Filter>secp256k1\x64</Filter>
    </MASM>
    <MASM Include="x64\field_4x64_x64_bmi.asm">
      <Filter>secp256k1\x64</Filter>
    </MASM>
    <MASM Include="..\..\..\FOREIGN\secp256k1\field_5x52_x64.asm">
      <Filter>secp256k1\x64</Filter>
    </MASM>
    <MASM Include="..\..\el\crypto\x64\sha256_x64_sse2_bmi2.asm">
      <Filter>Source Files\asm_x64</Filter>
    </MASM>
  </ItemGroup>
  <ItemGroup>
  </ItemGroup>
</Project>